// !$*UTF8*$!
{
	archiveVersion = 1;
	classes = {
	};
	objectVersion = 46;
	objects = {

/* Begin PBXBuildFile section */
		198A9FE71CA4E1C7001FC537 /* StoreKit.framework in Frameworks */ = {isa = PBXBuildFile; fileRef = 198A9FE61CA4E1C7001FC537 /* StoreKit.framework */; };
		198AA6BD1CA54356001FC537 /* MessageUI.framework in Frameworks */ = {isa = PBXBuildFile; fileRef = 198AA6BC1CA54356001FC537 /* MessageUI.framework */; };
		198AA6BF1CA54367001FC537 /* CoreMotion.framework in Frameworks */ = {isa = PBXBuildFile; fileRef = 198AA6BE1CA54367001FC537 /* CoreMotion.framework */; };
		198AA6C31CA5438E001FC537 /* Social.framework in Frameworks */ = {isa = PBXBuildFile; fileRef = 198AA6C21CA5438E001FC537 /* Social.framework */; };
		198AA6C51CA543A1001FC537 /* EventKit.framework in Frameworks */ = {isa = PBXBuildFile; fileRef = 198AA6C41CA543A1001FC537 /* EventKit.framework */; };
		198AA6C71CA543AF001FC537 /* AddressBook.framework in Frameworks */ = {isa = PBXBuildFile; fileRef = 198AA6C61CA543AF001FC537 /* AddressBook.framework */; };
		198AA6C91CA543CB001FC537 /* AdSupport.framework in Frameworks */ = {isa = PBXBuildFile; fileRef = 198AA6C81CA543CB001FC537 /* AdSupport.framework */; };
		198AA6CB1CA54421001FC537 /* AudioToolbox.framework in Frameworks */ = {isa = PBXBuildFile; fileRef = 198AA6CA1CA54421001FC537 /* AudioToolbox.framework */; };
		198AA6CD1CA5443E001FC537 /* CoreMedia.framework in Frameworks */ = {isa = PBXBuildFile; fileRef = 198AA6CC1CA5443E001FC537 /* CoreMedia.framework */; };
		198AA6CF1CA54459001FC537 /* QuartzCore.framework in Frameworks */ = {isa = PBXBuildFile; fileRef = 198AA6CE1CA54459001FC537 /* QuartzCore.framework */; };
		198AA6D11CA8C8BD001FC537 /* iflyMSC.framework in Frameworks */ = {isa = PBXBuildFile; fileRef = 198AA6D01CA8C8BD001FC537 /* iflyMSC.framework */; };
		198AA6D31CA8C8D9001FC537 /* minizip64.a in Frameworks */ = {isa = PBXBuildFile; fileRef = 198AA6D21CA8C8D9001FC537 /* minizip64.a */; };
		198AA7F71CA8CA36001FC537 /* adwo_alertBell.png in Resources */ = {isa = PBXBuildFile; fileRef = 198AA7CE1CA8CA36001FC537 /* adwo_alertBell.png */; };
		198AA7F81CA8CA36001FC537 /* adwo_alertLeft.png in Resources */ = {isa = PBXBuildFile; fileRef = 198AA7CF1CA8CA36001FC537 /* adwo_alertLeft.png */; };
		198AA7F91CA8CA36001FC537 /* adwo_alertRight.png in Resources */ = {isa = PBXBuildFile; fileRef = 198AA7D01CA8CA36001FC537 /* adwo_alertRight.png */; };
		198AA7FA1CA8CA36001FC537 /* adwo_alertSingle.png in Resources */ = {isa = PBXBuildFile; fileRef = 198AA7D11CA8CA36001FC537 /* adwo_alertSingle.png */; };
		198AA7FB1CA8CA36001FC537 /* adwo_audio_icon.png in Resources */ = {isa = PBXBuildFile; fileRef = 198AA7D21CA8CA36001FC537 /* adwo_audio_icon.png */; };
		198AA7FC1CA8CA36001FC537 /* adwo_audioBar.png in Resources */ = {isa = PBXBuildFile; fileRef = 198AA7D31CA8CA36001FC537 /* adwo_audioBar.png */; };
		198AA7FD1CA8CA36001FC537 /* adwo_audioCancel.png in Resources */ = {isa = PBXBuildFile; fileRef = 198AA7D41CA8CA36001FC537 /* adwo_audioCancel.png */; };
		198AA7FE1CA8CA36001FC537 /* adwo_audioPlay.png in Resources */ = {isa = PBXBuildFile; fileRef = 198AA7D51CA8CA36001FC537 /* adwo_audioPlay.png */; };
		198AA7FF1CA8CA36001FC537 /* adwo_audioRecord.png in Resources */ = {isa = PBXBuildFile; fileRef = 198AA7D61CA8CA36001FC537 /* adwo_audioRecord.png */; };
		198AA8001CA8CA36001FC537 /* adwo_audioShare.png in Resources */ = {isa = PBXBuildFile; fileRef = 198AA7D71CA8CA36001FC537 /* adwo_audioShare.png */; };
		198AA8011CA8CA36001FC537 /* adwo_audioStop.png in Resources */ = {isa = PBXBuildFile; fileRef = 198AA7D81CA8CA36001FC537 /* adwo_audioStop.png */; };
		198AA8021CA8CA36001FC537 /* adwo_cameraswitch.png in Resources */ = {isa = PBXBuildFile; fileRef = 198AA7D91CA8CA36001FC537 /* adwo_cameraswitch.png */; };
		198AA8031CA8CA36001FC537 /* adwo_downloadtoalbum.png in Resources */ = {isa = PBXBuildFile; fileRef = 198AA7DA1CA8CA36001FC537 /* adwo_downloadtoalbum.png */; };
		198AA8041CA8CA36001FC537 /* adwo_progress.png in Resources */ = {isa = PBXBuildFile; fileRef = 198AA7DB1CA8CA36001FC537 /* adwo_progress.png */; };
		198AA8051CA8CA36001FC537 /* adwo_recordMicrophone.png in Resources */ = {isa = PBXBuildFile; fileRef = 198AA7DC1CA8CA36001FC537 /* adwo_recordMicrophone.png */; };
		198AA8061CA8CA36001FC537 /* adwo_recordMicrophone5.png in Resources */ = {isa = PBXBuildFile; fileRef = 198AA7DD1CA8CA36001FC537 /* adwo_recordMicrophone5.png */; };
		198AA8071CA8CA36001FC537 /* adwo_recordSlider.png in Resources */ = {isa = PBXBuildFile; fileRef = 198AA7DE1CA8CA36001FC537 /* adwo_recordSlider.png */; };
		198AA8081CA8CA36001FC537 /* adwo_share2sina.png in Resources */ = {isa = PBXBuildFile; fileRef = 198AA7DF1CA8CA36001FC537 /* adwo_share2sina.png */; };
		198AA8091CA8CA36001FC537 /* adwo_takephoto.png in Resources */ = {isa = PBXBuildFile; fileRef = 198AA7E01CA8CA36001FC537 /* adwo_takephoto.png */; };
		198AA80A1CA8CA36001FC537 /* adwo_uploadProgress.png in Resources */ = {isa = PBXBuildFile; fileRef = 198AA7E11CA8CA36001FC537 /* adwo_uploadProgress.png */; };
		198AA80B1CA8CA36001FC537 /* adwo_videoClose.png in Resources */ = {isa = PBXBuildFile; fileRef = 198AA7E21CA8CA36001FC537 /* adwo_videoClose.png */; };
		198AA80C1CA8CA36001FC537 /* adwo_videoCloseBig.png in Resources */ = {isa = PBXBuildFile; fileRef = 198AA7E31CA8CA36001FC537 /* adwo_videoCloseBig.png */; };
		198AA80D1CA8CA36001FC537 /* adwo_videoCloseBtn.png in Resources */ = {isa = PBXBuildFile; fileRef = 198AA7E41CA8CA36001FC537 /* adwo_videoCloseBtn.png */; };
		198AA80E1CA8CA36001FC537 /* adwo_videoCloseBtnBig.png in Resources */ = {isa = PBXBuildFile; fileRef = 198AA7E51CA8CA36001FC537 /* adwo_videoCloseBtnBig.png */; };
		198AA80F1CA8CA36001FC537 /* adwo_videoDetail.png in Resources */ = {isa = PBXBuildFile; fileRef = 198AA7E61CA8CA36001FC537 /* adwo_videoDetail.png */; };
		198AA8101CA8CA36001FC537 /* adwo_videoDetailBig.png in Resources */ = {isa = PBXBuildFile; fileRef = 198AA7E71CA8CA36001FC537 /* adwo_videoDetailBig.png */; };
		198AA8111CA8CA36001FC537 /* adwo_videoLogo.png in Resources */ = {isa = PBXBuildFile; fileRef = 198AA7E81CA8CA36001FC537 /* adwo_videoLogo.png */; };
		198AA8121CA8CA36001FC537 /* adwo_videoLogoBig.png in Resources */ = {isa = PBXBuildFile; fileRef = 198AA7E91CA8CA36001FC537 /* adwo_videoLogoBig.png */; };
		198AA8131CA8CA36001FC537 /* adwo_videoMaximize.png in Resources */ = {isa = PBXBuildFile; fileRef = 198AA7EA1CA8CA36001FC537 /* adwo_videoMaximize.png */; };
		198AA8141CA8CA36001FC537 /* adwo_videoMaximizeBig.png in Resources */ = {isa = PBXBuildFile; fileRef = 198AA7EB1CA8CA36001FC537 /* adwo_videoMaximizeBig.png */; };
		198AA8151CA8CA36001FC537 /* adwo_videoMinimize.png in Resources */ = {isa = PBXBuildFile; fileRef = 198AA7EC1CA8CA36001FC537 /* adwo_videoMinimize.png */; };
		198AA8161CA8CA36001FC537 /* adwo_videoMinimizeBig.png in Resources */ = {isa = PBXBuildFile; fileRef = 198AA7ED1CA8CA36001FC537 /* adwo_videoMinimizeBig.png */; };
		198AA8171CA8CA36001FC537 /* adwo_videoMute.png in Resources */ = {isa = PBXBuildFile; fileRef = 198AA7EE1CA8CA36001FC537 /* adwo_videoMute.png */; };
		198AA8181CA8CA36001FC537 /* adwo_videoMuteBig.png in Resources */ = {isa = PBXBuildFile; fileRef = 198AA7EF1CA8CA36001FC537 /* adwo_videoMuteBig.png */; };
		198AA8191CA8CA36001FC537 /* adwo_videoPlayerControl.html in Resources */ = {isa = PBXBuildFile; fileRef = 198AA7F01CA8CA36001FC537 /* adwo_videoPlayerControl.html */; };
		198AA81A1CA8CA36001FC537 /* adwo_videoReplay.png in Resources */ = {isa = PBXBuildFile; fileRef = 198AA7F11CA8CA36001FC537 /* adwo_videoReplay.png */; };
		198AA81B1CA8CA36001FC537 /* adwo_videoReplayBig.png in Resources */ = {isa = PBXBuildFile; fileRef = 198AA7F21CA8CA36001FC537 /* adwo_videoReplayBig.png */; };
		198AA81C1CA8CA36001FC537 /* adwo_videoSound.png in Resources */ = {isa = PBXBuildFile; fileRef = 198AA7F31CA8CA36001FC537 /* adwo_videoSound.png */; };
		198AA81D1CA8CA36001FC537 /* adwo_videoSoundBig.png in Resources */ = {isa = PBXBuildFile; fileRef = 198AA7F41CA8CA36001FC537 /* adwo_videoSoundBig.png */; };
		198AA81E1CA8CA36001FC537 /* adwo_videoTimeRectangle.png in Resources */ = {isa = PBXBuildFile; fileRef = 198AA7F51CA8CA36001FC537 /* adwo_videoTimeRectangle.png */; };
		198AA81F1CA8CA36001FC537 /* adwo_videoTimeRectangleBig.png in Resources */ = {isa = PBXBuildFile; fileRef = 198AA7F61CA8CA36001FC537 /* adwo_videoTimeRectangleBig.png */; };
		198AA8271CA8DBC4001FC537 /* libAdwoSDKRelease6.9.a in Frameworks */ = {isa = PBXBuildFile; fileRef = 198AA8261CA8DBC4001FC537 /* libAdwoSDKRelease6.9.a */; };
		198AA82D1CA8F8A4001FC537 /* AdwoFSAdContainer.m in Sources */ = {isa = PBXBuildFile; fileRef = 198AA82B1CA8F8A4001FC537 /* AdwoFSAdContainer.m */; settings = {COMPILER_FLAGS = "-fno-objc-arc"; }; };
		487763851C72E86B00F113F2 /* FeedbackViewController.m in Sources */ = {isa = PBXBuildFile; fileRef = 487763841C72E86B00F113F2 /* FeedbackViewController.m */; };
		487763881C72EF6000F113F2 /* NSString+Remind.m in Sources */ = {isa = PBXBuildFile; fileRef = 487763871C72EF6000F113F2 /* NSString+Remind.m */; };
		4877638A1C72F0CB00F113F2 /* Remind.xib in Resources */ = {isa = PBXBuildFile; fileRef = 487763891C72F0CB00F113F2 /* Remind.xib */; };
		4877638C1C72F9A700F113F2 /* BmobSDK.framework in Frameworks */ = {isa = PBXBuildFile; fileRef = 4877638B1C72F9A700F113F2 /* BmobSDK.framework */; };
		4877638E1C72FA1800F113F2 /* CoreLocation.framework in Frameworks */ = {isa = PBXBuildFile; fileRef = 4877638D1C72FA1800F113F2 /* CoreLocation.framework */; };
		487763901C72FA2B00F113F2 /* Security.framework in Frameworks */ = {isa = PBXBuildFile; fileRef = 4877638F1C72FA2B00F113F2 /* Security.framework */; };
		487763921C72FA3A00F113F2 /* CoreGraphics.framework in Frameworks */ = {isa = PBXBuildFile; fileRef = 487763911C72FA3A00F113F2 /* CoreGraphics.framework */; };
		487763941C72FA4800F113F2 /* MobileCoreServices.framework in Frameworks */ = {isa = PBXBuildFile; fileRef = 487763931C72FA4800F113F2 /* MobileCoreServices.framework */; };
		487763961C72FA5500F113F2 /* CFNetwork.framework in Frameworks */ = {isa = PBXBuildFile; fileRef = 487763951C72FA5500F113F2 /* CFNetwork.framework */; };
		487763981C72FA5F00F113F2 /* CoreTelephony.framework in Frameworks */ = {isa = PBXBuildFile; fileRef = 487763971C72FA5F00F113F2 /* CoreTelephony.framework */; };
		4877639A1C72FA6900F113F2 /* SystemConfiguration.framework in Frameworks */ = {isa = PBXBuildFile; fileRef = 487763991C72FA6900F113F2 /* SystemConfiguration.framework */; };
		4877639C1C72FA7500F113F2 /* libz.1.2.5.dylib in Frameworks */ = {isa = PBXBuildFile; fileRef = 4877639B1C72FA7500F113F2 /* libz.1.2.5.dylib */; };
		4877639E1C72FA8000F113F2 /* libicucore.dylib in Frameworks */ = {isa = PBXBuildFile; fileRef = 4877639D1C72FA8000F113F2 /* libicucore.dylib */; };
		487763A01C72FA8C00F113F2 /* libsqlite3.dylib in Frameworks */ = {isa = PBXBuildFile; fileRef = 4877639F1C72FA8C00F113F2 /* libsqlite3.dylib */; };
		487763A21C72FA9600F113F2 /* AVFoundation.framework in Frameworks */ = {isa = PBXBuildFile; fileRef = 487763A11C72FA9600F113F2 /* AVFoundation.framework */; };
		487763A41C72FAA200F113F2 /* MediaPlayer.framework in Frameworks */ = {isa = PBXBuildFile; fileRef = 487763A31C72FAA200F113F2 /* MediaPlayer.framework */; settings = {ATTRIBUTES = (Required, ); }; };
		487763A81C73004F00F113F2 /* DeviceInfo.m in Sources */ = {isa = PBXBuildFile; fileRef = 487763A71C73004F00F113F2 /* DeviceInfo.m */; };
		487763AE1C7323D600F113F2 /* player_pauseS@2x.png in Resources */ = {isa = PBXBuildFile; fileRef = 487763AA1C7323D600F113F2 /* player_pauseS@2x.png */; };
		487763AF1C7323D600F113F2 /* player_pauseS@3x.png in Resources */ = {isa = PBXBuildFile; fileRef = 487763AB1C7323D600F113F2 /* player_pauseS@3x.png */; };
		487763B01C7323D600F113F2 /* player_playS@2x.png in Resources */ = {isa = PBXBuildFile; fileRef = 487763AC1C7323D600F113F2 /* player_playS@2x.png */; };
		487763B11C7323D600F113F2 /* player_playS@3x.png in Resources */ = {isa = PBXBuildFile; fileRef = 487763AD1C7323D600F113F2 /* player_playS@3x.png */; };
		487D59601C5772CA00F3A4FF /* MineViewController.m in Sources */ = {isa = PBXBuildFile; fileRef = 487D595F1C5772CA00F3A4FF /* MineViewController.m */; };
		487D59631C577C5600F3A4FF /* BaseViewController.m in Sources */ = {isa = PBXBuildFile; fileRef = 487D59621C577C5600F3A4FF /* BaseViewController.m */; };
		487D59661C5A16C400F3A4FF /* Config.m in Sources */ = {isa = PBXBuildFile; fileRef = 487D59651C5A16C400F3A4FF /* Config.m */; };
		487D596A1C5F33A200F3A4FF /* NSFileManager+Extension.m in Sources */ = {isa = PBXBuildFile; fileRef = 487D59691C5F33A200F3A4FF /* NSFileManager+Extension.m */; };
		487D596D1C60491000F3A4FF /* MyDownloadTableViewController.m in Sources */ = {isa = PBXBuildFile; fileRef = 487D596C1C60491000F3A4FF /* MyDownloadTableViewController.m */; };
		487D59711C6057BD00F3A4FF /* DownloadTableViewCell.m in Sources */ = {isa = PBXBuildFile; fileRef = 487D596F1C6057BC00F3A4FF /* DownloadTableViewCell.m */; };
		487D59721C6057BD00F3A4FF /* DownloadTableViewCell.xib in Resources */ = {isa = PBXBuildFile; fileRef = 487D59701C6057BC00F3A4FF /* DownloadTableViewCell.xib */; };
		48D335921C4DD86400FBE6DF /* main.m in Sources */ = {isa = PBXBuildFile; fileRef = 48D335911C4DD86400FBE6DF /* main.m */; };
		48D335951C4DD86400FBE6DF /* AppDelegate.m in Sources */ = {isa = PBXBuildFile; fileRef = 48D335941C4DD86400FBE6DF /* AppDelegate.m */; };
		48D335981C4DD86500FBE6DF /* ViewController.m in Sources */ = {isa = PBXBuildFile; fileRef = 48D335971C4DD86500FBE6DF /* ViewController.m */; };
		48D3359B1C4DD86500FBE6DF /* Main.storyboard in Resources */ = {isa = PBXBuildFile; fileRef = 48D335991C4DD86500FBE6DF /* Main.storyboard */; };
		48D3359D1C4DD86500FBE6DF /* Images.xcassets in Resources */ = {isa = PBXBuildFile; fileRef = 48D3359C1C4DD86500FBE6DF /* Images.xcassets */; };
		48D335A01C4DD86500FBE6DF /* LaunchScreen.xib in Resources */ = {isa = PBXBuildFile; fileRef = 48D3359E1C4DD86500FBE6DF /* LaunchScreen.xib */; };
		48D335AC1C4DD86500FBE6DF /* ErgeTests.m in Sources */ = {isa = PBXBuildFile; fileRef = 48D335AB1C4DD86500FBE6DF /* ErgeTests.m */; };
		48D335B71C4E150E00FBE6DF /* source.plist in Resources */ = {isa = PBXBuildFile; fileRef = 48D335B61C4E150E00FBE6DF /* source.plist */; };
		48D335BA1C4E23CF00FBE6DF /* TableViewCell.m in Sources */ = {isa = PBXBuildFile; fileRef = 48D335B91C4E23CF00FBE6DF /* TableViewCell.m */; };
		48D335BC1C4E2D0700FBE6DF /* TableViewCell.xib in Resources */ = {isa = PBXBuildFile; fileRef = 48D335BB1C4E2D0700FBE6DF /* TableViewCell.xib */; };
		48D335C61C4E3B0000FBE6DF /* courseInfoYd.xib in Resources */ = {isa = PBXBuildFile; fileRef = 48D335BE1C4E3B0000FBE6DF /* courseInfoYd.xib */; };
		48D335C71C4E3B0000FBE6DF /* playerControls.xib in Resources */ = {isa = PBXBuildFile; fileRef = 48D335BF1C4E3B0000FBE6DF /* playerControls.xib */; };
		48D335C81C4E3B0000FBE6DF /* WKPlayerVideoList.m in Sources */ = {isa = PBXBuildFile; fileRef = 48D335C11C4E3B0000FBE6DF /* WKPlayerVideoList.m */; };
		48D335C91C4E3B0000FBE6DF /* WKPlayerVolume.m in Sources */ = {isa = PBXBuildFile; fileRef = 48D335C31C4E3B0000FBE6DF /* WKPlayerVolume.m */; };
		48D335CA1C4E3B0000FBE6DF /* WKMPMoviePlayerController.m in Sources */ = {isa = PBXBuildFile; fileRef = 48D335C51C4E3B0000FBE6DF /* WKMPMoviePlayerController.m */; };
		48D335CC1C4E3C2400FBE6DF /* courseInfo_yd_goBack@2x.png in Resources */ = {isa = PBXBuildFile; fileRef = 48D335CB1C4E3C2400FBE6DF /* courseInfo_yd_goBack@2x.png */; };
		48D335CE1C4E3C6100FBE6DF /* courseInfo_volume.png in Resources */ = {isa = PBXBuildFile; fileRef = 48D335CD1C4E3C6100FBE6DF /* courseInfo_volume.png */; };
		48D335D41C4E3CC600FBE6DF /* courseInfo_quickGo.png in Resources */ = {isa = PBXBuildFile; fileRef = 48D335D31C4E3CC600FBE6DF /* courseInfo_quickGo.png */; };
		48D335D61C4E3D3A00FBE6DF /* courseInfo_quickBack.png in Resources */ = {isa = PBXBuildFile; fileRef = 48D335D51C4E3D3A00FBE6DF /* courseInfo_quickBack.png */; };
		48D335D81C4E3D5E00FBE6DF /* courseInfo_light.png in Resources */ = {isa = PBXBuildFile; fileRef = 48D335D71C4E3D5E00FBE6DF /* courseInfo_light.png */; };
		48D335DB1C4E3E9500FBE6DF /* courseInfo_backS@2x.png in Resources */ = {isa = PBXBuildFile; fileRef = 48D335D91C4E3E9500FBE6DF /* courseInfo_backS@2x.png */; };
		48D335DC1C4E3E9500FBE6DF /* courseInfo_backS@3x.png in Resources */ = {isa = PBXBuildFile; fileRef = 48D335DA1C4E3E9500FBE6DF /* courseInfo_backS@3x.png */; };
		48D335DE1C4E3EF900FBE6DF /* courseInfo_yd_light@2x.png in Resources */ = {isa = PBXBuildFile; fileRef = 48D335DD1C4E3EF900FBE6DF /* courseInfo_yd_light@2x.png */; };
		48D335E01C4E3F1A00FBE6DF /* courseInfo_yd_volume@2x.png in Resources */ = {isa = PBXBuildFile; fileRef = 48D335DF1C4E3F1A00FBE6DF /* courseInfo_yd_volume@2x.png */; };
		48D335E31C4E3F5500FBE6DF /* player_exitScreen@2x.png in Resources */ = {isa = PBXBuildFile; fileRef = 48D335E11C4E3F5500FBE6DF /* player_exitScreen@2x.png */; };
		48D335E41C4E3F5500FBE6DF /* player_exitScreen@3x.png in Resources */ = {isa = PBXBuildFile; fileRef = 48D335E21C4E3F5500FBE6DF /* player_exitScreen@3x.png */; };
		48D335E71C4E401900FBE6DF /* player_progressBt@2x.png in Resources */ = {isa = PBXBuildFile; fileRef = 48D335E51C4E401900FBE6DF /* player_progressBt@2x.png */; };
		48D335E81C4E401900FBE6DF /* player_progressBt@3x.png in Resources */ = {isa = PBXBuildFile; fileRef = 48D335E61C4E401900FBE6DF /* player_progressBt@3x.png */; };
		48D335EB1C4E409F00FBE6DF /* player_play@2x.png in Resources */ = {isa = PBXBuildFile; fileRef = 48D335E91C4E409F00FBE6DF /* player_play@2x.png */; };
		48D335EC1C4E409F00FBE6DF /* player_play@3x.png in Resources */ = {isa = PBXBuildFile; fileRef = 48D335EA1C4E409F00FBE6DF /* player_play@3x.png */; };
		48D335EF1C4E40F300FBE6DF /* player_pause@2x.png in Resources */ = {isa = PBXBuildFile; fileRef = 48D335ED1C4E40F300FBE6DF /* player_pause@2x.png */; };
		48D335F01C4E40F300FBE6DF /* player_pause@3x.png in Resources */ = {isa = PBXBuildFile; fileRef = 48D335EE1C4E40F300FBE6DF /* player_pause@3x.png */; };
		48D335F31C4E418D00FBE6DF /* player_screen@2x.png in Resources */ = {isa = PBXBuildFile; fileRef = 48D335F11C4E418D00FBE6DF /* player_screen@2x.png */; };
		48D335F41C4E418D00FBE6DF /* player_screen@3x.png in Resources */ = {isa = PBXBuildFile; fileRef = 48D335F21C4E418D00FBE6DF /* player_screen@3x.png */; };
		48D335F91C4F348F00FBE6DF /* Reachability.m in Sources */ = {isa = PBXBuildFile; fileRef = 48D335F81C4F348F00FBE6DF /* Reachability.m */; };
		48D335FC1C4F389300FBE6DF /* VideoModel.m in Sources */ = {isa = PBXBuildFile; fileRef = 48D335FB1C4F389300FBE6DF /* VideoModel.m */; };
		48D335FF1C4F797400FBE6DF /* VideoViewController.m in Sources */ = {isa = PBXBuildFile; fileRef = 48D335FE1C4F797400FBE6DF /* VideoViewController.m */; };
/* End PBXBuildFile section */

/* Begin PBXContainerItemProxy section */
		48D335A61C4DD86500FBE6DF /* PBXContainerItemProxy */ = {
			isa = PBXContainerItemProxy;
			containerPortal = 48D335841C4DD86400FBE6DF /* Project object */;
			proxyType = 1;
			remoteGlobalIDString = 48D3358B1C4DD86400FBE6DF;
			remoteInfo = Erge;
		};
/* End PBXContainerItemProxy section */

/* Begin PBXFileReference section */
		198A9FE61CA4E1C7001FC537 /* StoreKit.framework */ = {isa = PBXFileReference; lastKnownFileType = wrapper.framework; name = StoreKit.framework; path = System/Library/Frameworks/StoreKit.framework; sourceTree = SDKROOT; };
		198AA6BC1CA54356001FC537 /* MessageUI.framework */ = {isa = PBXFileReference; lastKnownFileType = wrapper.framework; name = MessageUI.framework; path = System/Library/Frameworks/MessageUI.framework; sourceTree = SDKROOT; };
		198AA6BE1CA54367001FC537 /* CoreMotion.framework */ = {isa = PBXFileReference; lastKnownFileType = wrapper.framework; name = CoreMotion.framework; path = System/Library/Frameworks/CoreMotion.framework; sourceTree = SDKROOT; };
		198AA6C21CA5438E001FC537 /* Social.framework */ = {isa = PBXFileReference; lastKnownFileType = wrapper.framework; name = Social.framework; path = System/Library/Frameworks/Social.framework; sourceTree = SDKROOT; };
		198AA6C41CA543A1001FC537 /* EventKit.framework */ = {isa = PBXFileReference; lastKnownFileType = wrapper.framework; name = EventKit.framework; path = System/Library/Frameworks/EventKit.framework; sourceTree = SDKROOT; };
		198AA6C61CA543AF001FC537 /* AddressBook.framework */ = {isa = PBXFileReference; lastKnownFileType = wrapper.framework; name = AddressBook.framework; path = System/Library/Frameworks/AddressBook.framework; sourceTree = SDKROOT; };
		198AA6C81CA543CB001FC537 /* AdSupport.framework */ = {isa = PBXFileReference; lastKnownFileType = wrapper.framework; name = AdSupport.framework; path = System/Library/Frameworks/AdSupport.framework; sourceTree = SDKROOT; };
		198AA6CA1CA54421001FC537 /* AudioToolbox.framework */ = {isa = PBXFileReference; lastKnownFileType = wrapper.framework; name = AudioToolbox.framework; path = System/Library/Frameworks/AudioToolbox.framework; sourceTree = SDKROOT; };
		198AA6CC1CA5443E001FC537 /* CoreMedia.framework */ = {isa = PBXFileReference; lastKnownFileType = wrapper.framework; name = CoreMedia.framework; path = System/Library/Frameworks/CoreMedia.framework; sourceTree = SDKROOT; };
		198AA6CE1CA54459001FC537 /* QuartzCore.framework */ = {isa = PBXFileReference; lastKnownFileType = wrapper.framework; name = QuartzCore.framework; path = System/Library/Frameworks/QuartzCore.framework; sourceTree = SDKROOT; };
		198AA6D01CA8C8BD001FC537 /* iflyMSC.framework */ = {isa = PBXFileReference; lastKnownFileType = wrapper.framework; name = iflyMSC.framework; path = Erge/Framework/iflyMSC.framework; sourceTree = "<group>"; };
		198AA6D21CA8C8D9001FC537 /* minizip64.a */ = {isa = PBXFileReference; lastKnownFileType = archive.ar; name = minizip64.a; path = Erge/Framework/minizip64.a; sourceTree = "<group>"; };
		198AA7CE1CA8CA36001FC537 /* adwo_alertBell.png */ = {isa = PBXFileReference; lastKnownFileType = image.png; path = adwo_alertBell.png; sourceTree = "<group>"; };
		198AA7CF1CA8CA36001FC537 /* adwo_alertLeft.png */ = {isa = PBXFileReference; lastKnownFileType = image.png; path = adwo_alertLeft.png; sourceTree = "<group>"; };
		198AA7D01CA8CA36001FC537 /* adwo_alertRight.png */ = {isa = PBXFileReference; lastKnownFileType = image.png; path = adwo_alertRight.png; sourceTree = "<group>"; };
		198AA7D11CA8CA36001FC537 /* adwo_alertSingle.png */ = {isa = PBXFileReference; lastKnownFileType = image.png; path = adwo_alertSingle.png; sourceTree = "<group>"; };
		198AA7D21CA8CA36001FC537 /* adwo_audio_icon.png */ = {isa = PBXFileReference; lastKnownFileType = image.png; path = adwo_audio_icon.png; sourceTree = "<group>"; };
		198AA7D31CA8CA36001FC537 /* adwo_audioBar.png */ = {isa = PBXFileReference; lastKnownFileType = image.png; path = adwo_audioBar.png; sourceTree = "<group>"; };
		198AA7D41CA8CA36001FC537 /* adwo_audioCancel.png */ = {isa = PBXFileReference; lastKnownFileType = image.png; path = adwo_audioCancel.png; sourceTree = "<group>"; };
		198AA7D51CA8CA36001FC537 /* adwo_audioPlay.png */ = {isa = PBXFileReference; lastKnownFileType = image.png; path = adwo_audioPlay.png; sourceTree = "<group>"; };
		198AA7D61CA8CA36001FC537 /* adwo_audioRecord.png */ = {isa = PBXFileReference; lastKnownFileType = image.png; path = adwo_audioRecord.png; sourceTree = "<group>"; };
		198AA7D71CA8CA36001FC537 /* adwo_audioShare.png */ = {isa = PBXFileReference; lastKnownFileType = image.png; path = adwo_audioShare.png; sourceTree = "<group>"; };
		198AA7D81CA8CA36001FC537 /* adwo_audioStop.png */ = {isa = PBXFileReference; lastKnownFileType = image.png; path = adwo_audioStop.png; sourceTree = "<group>"; };
		198AA7D91CA8CA36001FC537 /* adwo_cameraswitch.png */ = {isa = PBXFileReference; lastKnownFileType = image.png; path = adwo_cameraswitch.png; sourceTree = "<group>"; };
		198AA7DA1CA8CA36001FC537 /* adwo_downloadtoalbum.png */ = {isa = PBXFileReference; lastKnownFileType = image.png; path = adwo_downloadtoalbum.png; sourceTree = "<group>"; };
		198AA7DB1CA8CA36001FC537 /* adwo_progress.png */ = {isa = PBXFileReference; lastKnownFileType = image.png; path = adwo_progress.png; sourceTree = "<group>"; };
		198AA7DC1CA8CA36001FC537 /* adwo_recordMicrophone.png */ = {isa = PBXFileReference; lastKnownFileType = image.png; path = adwo_recordMicrophone.png; sourceTree = "<group>"; };
		198AA7DD1CA8CA36001FC537 /* adwo_recordMicrophone5.png */ = {isa = PBXFileReference; lastKnownFileType = image.png; path = adwo_recordMicrophone5.png; sourceTree = "<group>"; };
		198AA7DE1CA8CA36001FC537 /* adwo_recordSlider.png */ = {isa = PBXFileReference; lastKnownFileType = image.png; path = adwo_recordSlider.png; sourceTree = "<group>"; };
		198AA7DF1CA8CA36001FC537 /* adwo_share2sina.png */ = {isa = PBXFileReference; lastKnownFileType = image.png; path = adwo_share2sina.png; sourceTree = "<group>"; };
		198AA7E01CA8CA36001FC537 /* adwo_takephoto.png */ = {isa = PBXFileReference; lastKnownFileType = image.png; path = adwo_takephoto.png; sourceTree = "<group>"; };
		198AA7E11CA8CA36001FC537 /* adwo_uploadProgress.png */ = {isa = PBXFileReference; lastKnownFileType = image.png; path = adwo_uploadProgress.png; sourceTree = "<group>"; };
		198AA7E21CA8CA36001FC537 /* adwo_videoClose.png */ = {isa = PBXFileReference; lastKnownFileType = image.png; path = adwo_videoClose.png; sourceTree = "<group>"; };
		198AA7E31CA8CA36001FC537 /* adwo_videoCloseBig.png */ = {isa = PBXFileReference; lastKnownFileType = image.png; path = adwo_videoCloseBig.png; sourceTree = "<group>"; };
		198AA7E41CA8CA36001FC537 /* adwo_videoCloseBtn.png */ = {isa = PBXFileReference; lastKnownFileType = image.png; path = adwo_videoCloseBtn.png; sourceTree = "<group>"; };
		198AA7E51CA8CA36001FC537 /* adwo_videoCloseBtnBig.png */ = {isa = PBXFileReference; lastKnownFileType = image.png; path = adwo_videoCloseBtnBig.png; sourceTree = "<group>"; };
		198AA7E61CA8CA36001FC537 /* adwo_videoDetail.png */ = {isa = PBXFileReference; lastKnownFileType = image.png; path = adwo_videoDetail.png; sourceTree = "<group>"; };
		198AA7E71CA8CA36001FC537 /* adwo_videoDetailBig.png */ = {isa = PBXFileReference; lastKnownFileType = image.png; path = adwo_videoDetailBig.png; sourceTree = "<group>"; };
		198AA7E81CA8CA36001FC537 /* adwo_videoLogo.png */ = {isa = PBXFileReference; lastKnownFileType = image.png; path = adwo_videoLogo.png; sourceTree = "<group>"; };
		198AA7E91CA8CA36001FC537 /* adwo_videoLogoBig.png */ = {isa = PBXFileReference; lastKnownFileType = image.png; path = adwo_videoLogoBig.png; sourceTree = "<group>"; };
		198AA7EA1CA8CA36001FC537 /* adwo_videoMaximize.png */ = {isa = PBXFileReference; lastKnownFileType = image.png; path = adwo_videoMaximize.png; sourceTree = "<group>"; };
		198AA7EB1CA8CA36001FC537 /* adwo_videoMaximizeBig.png */ = {isa = PBXFileReference; lastKnownFileType = image.png; path = adwo_videoMaximizeBig.png; sourceTree = "<group>"; };
		198AA7EC1CA8CA36001FC537 /* adwo_videoMinimize.png */ = {isa = PBXFileReference; lastKnownFileType = image.png; path = adwo_videoMinimize.png; sourceTree = "<group>"; };
		198AA7ED1CA8CA36001FC537 /* adwo_videoMinimizeBig.png */ = {isa = PBXFileReference; lastKnownFileType = image.png; path = adwo_videoMinimizeBig.png; sourceTree = "<group>"; };
		198AA7EE1CA8CA36001FC537 /* adwo_videoMute.png */ = {isa = PBXFileReference; lastKnownFileType = image.png; path = adwo_videoMute.png; sourceTree = "<group>"; };
		198AA7EF1CA8CA36001FC537 /* adwo_videoMuteBig.png */ = {isa = PBXFileReference; lastKnownFileType = image.png; path = adwo_videoMuteBig.png; sourceTree = "<group>"; };
		198AA7F01CA8CA36001FC537 /* adwo_videoPlayerControl.html */ = {isa = PBXFileReference; fileEncoding = 4; lastKnownFileType = text.html; path = adwo_videoPlayerControl.html; sourceTree = "<group>"; };
		198AA7F11CA8CA36001FC537 /* adwo_videoReplay.png */ = {isa = PBXFileReference; lastKnownFileType = image.png; path = adwo_videoReplay.png; sourceTree = "<group>"; };
		198AA7F21CA8CA36001FC537 /* adwo_videoReplayBig.png */ = {isa = PBXFileReference; lastKnownFileType = image.png; path = adwo_videoReplayBig.png; sourceTree = "<group>"; };
		198AA7F31CA8CA36001FC537 /* adwo_videoSound.png */ = {isa = PBXFileReference; lastKnownFileType = image.png; path = adwo_videoSound.png; sourceTree = "<group>"; };
		198AA7F41CA8CA36001FC537 /* adwo_videoSoundBig.png */ = {isa = PBXFileReference; lastKnownFileType = image.png; path = adwo_videoSoundBig.png; sourceTree = "<group>"; };
		198AA7F51CA8CA36001FC537 /* adwo_videoTimeRectangle.png */ = {isa = PBXFileReference; lastKnownFileType = image.png; path = adwo_videoTimeRectangle.png; sourceTree = "<group>"; };
		198AA7F61CA8CA36001FC537 /* adwo_videoTimeRectangleBig.png */ = {isa = PBXFileReference; lastKnownFileType = image.png; path = adwo_videoTimeRectangleBig.png; sourceTree = "<group>"; };
		198AA8221CA8D6EE001FC537 /* AWUnity3DContainer.h */ = {isa = PBXFileReference; fileEncoding = 4; lastKnownFileType = sourcecode.c.h; path = AWUnity3DContainer.h; sourceTree = "<group>"; };
		198AA8251CA8DB94001FC537 /* AdwoAdSDK.h */ = {isa = PBXFileReference; fileEncoding = 4; lastKnownFileType = sourcecode.c.h; name = AdwoAdSDK.h; path = Erge/sdk_lib/AdwoAdSDK.h; sourceTree = SOURCE_ROOT; };
		198AA8261CA8DBC4001FC537 /* libAdwoSDKRelease6.9.a */ = {isa = PBXFileReference; lastKnownFileType = archive.ar; name = libAdwoSDKRelease6.9.a; path = Erge/sdk_lib/libAdwoSDKRelease6.9.a; sourceTree = SOURCE_ROOT; };
		198AA82B1CA8F8A4001FC537 /* AdwoFSAdContainer.m */ = {isa = PBXFileReference; fileEncoding = 4; lastKnownFileType = sourcecode.c.objc; name = AdwoFSAdContainer.m; path = Erge/sdk_lib/AdwoFSAdContainer.m; sourceTree = SOURCE_ROOT; };
		198AA82C1CA8F8A4001FC537 /* AdwoFSAdContainer.h */ = {isa = PBXFileReference; fileEncoding = 4; lastKnownFileType = sourcecode.c.h; name = AdwoFSAdContainer.h; path = Erge/sdk_lib/AdwoFSAdContainer.h; sourceTree = SOURCE_ROOT; };
		4840913F1C8EAAC800A34A3B /* Constaint.h */ = {isa = PBXFileReference; lastKnownFileType = sourcecode.c.h; name = Constaint.h; path = ../Constaint.h; sourceTree = "<group>"; };
		487763831C72E86B00F113F2 /* FeedbackViewController.h */ = {isa = PBXFileReference; fileEncoding = 4; lastKnownFileType = sourcecode.c.h; path = FeedbackViewController.h; sourceTree = "<group>"; };
		487763841C72E86B00F113F2 /* FeedbackViewController.m */ = {isa = PBXFileReference; fileEncoding = 4; lastKnownFileType = sourcecode.c.objc; path = FeedbackViewController.m; sourceTree = "<group>"; };
		487763861C72EF6000F113F2 /* NSString+Remind.h */ = {isa = PBXFileReference; fileEncoding = 4; lastKnownFileType = sourcecode.c.h; path = "NSString+Remind.h"; sourceTree = "<group>"; };
		487763871C72EF6000F113F2 /* NSString+Remind.m */ = {isa = PBXFileReference; fileEncoding = 4; lastKnownFileType = sourcecode.c.objc; path = "NSString+Remind.m"; sourceTree = "<group>"; };
		487763891C72F0CB00F113F2 /* Remind.xib */ = {isa = PBXFileReference; fileEncoding = 4; lastKnownFileType = file.xib; path = Remind.xib; sourceTree = "<group>"; };
		4877638B1C72F9A700F113F2 /* BmobSDK.framework */ = {isa = PBXFileReference; lastKnownFileType = wrapper.framework; path = BmobSDK.framework; sourceTree = "<group>"; };
		4877638D1C72FA1800F113F2 /* CoreLocation.framework */ = {isa = PBXFileReference; lastKnownFileType = wrapper.framework; name = CoreLocation.framework; path = System/Library/Frameworks/CoreLocation.framework; sourceTree = SDKROOT; };
		4877638F1C72FA2B00F113F2 /* Security.framework */ = {isa = PBXFileReference; lastKnownFileType = wrapper.framework; name = Security.framework; path = System/Library/Frameworks/Security.framework; sourceTree = SDKROOT; };
		487763911C72FA3A00F113F2 /* CoreGraphics.framework */ = {isa = PBXFileReference; lastKnownFileType = wrapper.framework; name = CoreGraphics.framework; path = System/Library/Frameworks/CoreGraphics.framework; sourceTree = SDKROOT; };
		487763931C72FA4800F113F2 /* MobileCoreServices.framework */ = {isa = PBXFileReference; lastKnownFileType = wrapper.framework; name = MobileCoreServices.framework; path = System/Library/Frameworks/MobileCoreServices.framework; sourceTree = SDKROOT; };
		487763951C72FA5500F113F2 /* CFNetwork.framework */ = {isa = PBXFileReference; lastKnownFileType = wrapper.framework; name = CFNetwork.framework; path = System/Library/Frameworks/CFNetwork.framework; sourceTree = SDKROOT; };
		487763971C72FA5F00F113F2 /* CoreTelephony.framework */ = {isa = PBXFileReference; lastKnownFileType = wrapper.framework; name = CoreTelephony.framework; path = System/Library/Frameworks/CoreTelephony.framework; sourceTree = SDKROOT; };
		487763991C72FA6900F113F2 /* SystemConfiguration.framework */ = {isa = PBXFileReference; lastKnownFileType = wrapper.framework; name = SystemConfiguration.framework; path = System/Library/Frameworks/SystemConfiguration.framework; sourceTree = SDKROOT; };
		4877639B1C72FA7500F113F2 /* libz.1.2.5.dylib */ = {isa = PBXFileReference; lastKnownFileType = "compiled.mach-o.dylib"; name = libz.1.2.5.dylib; path = usr/lib/libz.1.2.5.dylib; sourceTree = SDKROOT; };
		4877639D1C72FA8000F113F2 /* libicucore.dylib */ = {isa = PBXFileReference; lastKnownFileType = "compiled.mach-o.dylib"; name = libicucore.dylib; path = usr/lib/libicucore.dylib; sourceTree = SDKROOT; };
		4877639F1C72FA8C00F113F2 /* libsqlite3.dylib */ = {isa = PBXFileReference; lastKnownFileType = "compiled.mach-o.dylib"; name = libsqlite3.dylib; path = usr/lib/libsqlite3.dylib; sourceTree = SDKROOT; };
		487763A11C72FA9600F113F2 /* AVFoundation.framework */ = {isa = PBXFileReference; lastKnownFileType = wrapper.framework; name = AVFoundation.framework; path = System/Library/Frameworks/AVFoundation.framework; sourceTree = SDKROOT; };
		487763A31C72FAA200F113F2 /* MediaPlayer.framework */ = {isa = PBXFileReference; lastKnownFileType = wrapper.framework; name = MediaPlayer.framework; path = System/Library/Frameworks/MediaPlayer.framework; sourceTree = SDKROOT; };
		487763A61C73004F00F113F2 /* DeviceInfo.h */ = {isa = PBXFileReference; fileEncoding = 4; lastKnownFileType = sourcecode.c.h; path = DeviceInfo.h; sourceTree = "<group>"; };
		487763A71C73004F00F113F2 /* DeviceInfo.m */ = {isa = PBXFileReference; fileEncoding = 4; lastKnownFileType = sourcecode.c.objc; path = DeviceInfo.m; sourceTree = "<group>"; };
		487763AA1C7323D600F113F2 /* player_pauseS@2x.png */ = {isa = PBXFileReference; lastKnownFileType = image.png; path = "player_pauseS@2x.png"; sourceTree = "<group>"; };
		487763AB1C7323D600F113F2 /* player_pauseS@3x.png */ = {isa = PBXFileReference; lastKnownFileType = image.png; path = "player_pauseS@3x.png"; sourceTree = "<group>"; };
		487763AC1C7323D600F113F2 /* player_playS@2x.png */ = {isa = PBXFileReference; lastKnownFileType = image.png; path = "player_playS@2x.png"; sourceTree = "<group>"; };
		487763AD1C7323D600F113F2 /* player_playS@3x.png */ = {isa = PBXFileReference; lastKnownFileType = image.png; path = "player_playS@3x.png"; sourceTree = "<group>"; };
		487D595E1C5772CA00F3A4FF /* MineViewController.h */ = {isa = PBXFileReference; fileEncoding = 4; lastKnownFileType = sourcecode.c.h; path = MineViewController.h; sourceTree = "<group>"; };
		487D595F1C5772CA00F3A4FF /* MineViewController.m */ = {isa = PBXFileReference; fileEncoding = 4; lastKnownFileType = sourcecode.c.objc; path = MineViewController.m; sourceTree = "<group>"; };
		487D59611C577C5600F3A4FF /* BaseViewController.h */ = {isa = PBXFileReference; fileEncoding = 4; lastKnownFileType = sourcecode.c.h; path = BaseViewController.h; sourceTree = "<group>"; };
		487D59621C577C5600F3A4FF /* BaseViewController.m */ = {isa = PBXFileReference; fileEncoding = 4; lastKnownFileType = sourcecode.c.objc; path = BaseViewController.m; sourceTree = "<group>"; };
		487D59641C5A16C400F3A4FF /* Config.h */ = {isa = PBXFileReference; fileEncoding = 4; lastKnownFileType = sourcecode.c.h; path = Config.h; sourceTree = "<group>"; };
		487D59651C5A16C400F3A4FF /* Config.m */ = {isa = PBXFileReference; fileEncoding = 4; lastKnownFileType = sourcecode.c.objc; path = Config.m; sourceTree = "<group>"; };
		487D59681C5F33A200F3A4FF /* NSFileManager+Extension.h */ = {isa = PBXFileReference; fileEncoding = 4; lastKnownFileType = sourcecode.c.h; path = "NSFileManager+Extension.h"; sourceTree = "<group>"; };
		487D59691C5F33A200F3A4FF /* NSFileManager+Extension.m */ = {isa = PBXFileReference; fileEncoding = 4; lastKnownFileType = sourcecode.c.objc; path = "NSFileManager+Extension.m"; sourceTree = "<group>"; };
		487D596B1C60491000F3A4FF /* MyDownloadTableViewController.h */ = {isa = PBXFileReference; fileEncoding = 4; lastKnownFileType = sourcecode.c.h; path = MyDownloadTableViewController.h; sourceTree = "<group>"; };
		487D596C1C60491000F3A4FF /* MyDownloadTableViewController.m */ = {isa = PBXFileReference; fileEncoding = 4; lastKnownFileType = sourcecode.c.objc; path = MyDownloadTableViewController.m; sourceTree = "<group>"; };
		487D596E1C6057BC00F3A4FF /* DownloadTableViewCell.h */ = {isa = PBXFileReference; fileEncoding = 4; lastKnownFileType = sourcecode.c.h; path = DownloadTableViewCell.h; sourceTree = "<group>"; };
		487D596F1C6057BC00F3A4FF /* DownloadTableViewCell.m */ = {isa = PBXFileReference; fileEncoding = 4; lastKnownFileType = sourcecode.c.objc; path = DownloadTableViewCell.m; sourceTree = "<group>"; };
		487D59701C6057BC00F3A4FF /* DownloadTableViewCell.xib */ = {isa = PBXFileReference; fileEncoding = 4; lastKnownFileType = file.xib; path = DownloadTableViewCell.xib; sourceTree = "<group>"; };
		48D3358C1C4DD86400FBE6DF /* Erge.app */ = {isa = PBXFileReference; explicitFileType = wrapper.application; includeInIndex = 0; path = Erge.app; sourceTree = BUILT_PRODUCTS_DIR; };
		48D335901C4DD86400FBE6DF /* Info.plist */ = {isa = PBXFileReference; lastKnownFileType = text.plist.xml; path = Info.plist; sourceTree = "<group>"; };
		48D335911C4DD86400FBE6DF /* main.m */ = {isa = PBXFileReference; lastKnownFileType = sourcecode.c.objc; path = main.m; sourceTree = "<group>"; };
		48D335931C4DD86400FBE6DF /* AppDelegate.h */ = {isa = PBXFileReference; lastKnownFileType = sourcecode.c.h; path = AppDelegate.h; sourceTree = "<group>"; };
		48D335941C4DD86400FBE6DF /* AppDelegate.m */ = {isa = PBXFileReference; lastKnownFileType = sourcecode.c.objc; path = AppDelegate.m; sourceTree = "<group>"; };
		48D335961C4DD86500FBE6DF /* ViewController.h */ = {isa = PBXFileReference; lastKnownFileType = sourcecode.c.h; path = ViewController.h; sourceTree = "<group>"; };
		48D335971C4DD86500FBE6DF /* ViewController.m */ = {isa = PBXFileReference; lastKnownFileType = sourcecode.c.objc; path = ViewController.m; sourceTree = "<group>"; };
		48D3359A1C4DD86500FBE6DF /* Base */ = {isa = PBXFileReference; lastKnownFileType = file.storyboard; name = Base; path = Base.lproj/Main.storyboard; sourceTree = "<group>"; };
		48D3359C1C4DD86500FBE6DF /* Images.xcassets */ = {isa = PBXFileReference; lastKnownFileType = folder.assetcatalog; path = Images.xcassets; sourceTree = "<group>"; };
		48D3359F1C4DD86500FBE6DF /* Base */ = {isa = PBXFileReference; lastKnownFileType = file.xib; name = Base; path = Base.lproj/LaunchScreen.xib; sourceTree = "<group>"; };
		48D335A51C4DD86500FBE6DF /* ErgeTests.xctest */ = {isa = PBXFileReference; explicitFileType = wrapper.cfbundle; includeInIndex = 0; path = ErgeTests.xctest; sourceTree = BUILT_PRODUCTS_DIR; };
		48D335AA1C4DD86500FBE6DF /* Info.plist */ = {isa = PBXFileReference; lastKnownFileType = text.plist.xml; path = Info.plist; sourceTree = "<group>"; };
		48D335AB1C4DD86500FBE6DF /* ErgeTests.m */ = {isa = PBXFileReference; lastKnownFileType = sourcecode.c.objc; path = ErgeTests.m; sourceTree = "<group>"; };
		48D335B61C4E150E00FBE6DF /* source.plist */ = {isa = PBXFileReference; fileEncoding = 4; lastKnownFileType = text.plist.xml; path = source.plist; sourceTree = "<group>"; };
		48D335B81C4E23CF00FBE6DF /* TableViewCell.h */ = {isa = PBXFileReference; fileEncoding = 4; lastKnownFileType = sourcecode.c.h; path = TableViewCell.h; sourceTree = "<group>"; };
		48D335B91C4E23CF00FBE6DF /* TableViewCell.m */ = {isa = PBXFileReference; fileEncoding = 4; lastKnownFileType = sourcecode.c.objc; path = TableViewCell.m; sourceTree = "<group>"; };
		48D335BB1C4E2D0700FBE6DF /* TableViewCell.xib */ = {isa = PBXFileReference; fileEncoding = 4; lastKnownFileType = file.xib; path = TableViewCell.xib; sourceTree = "<group>"; };
		48D335BE1C4E3B0000FBE6DF /* courseInfoYd.xib */ = {isa = PBXFileReference; fileEncoding = 4; lastKnownFileType = file.xib; path = courseInfoYd.xib; sourceTree = "<group>"; };
		48D335BF1C4E3B0000FBE6DF /* playerControls.xib */ = {isa = PBXFileReference; fileEncoding = 4; lastKnownFileType = file.xib; path = playerControls.xib; sourceTree = "<group>"; };
		48D335C01C4E3B0000FBE6DF /* WKPlayerVideoList.h */ = {isa = PBXFileReference; fileEncoding = 4; lastKnownFileType = sourcecode.c.h; path = WKPlayerVideoList.h; sourceTree = "<group>"; };
		48D335C11C4E3B0000FBE6DF /* WKPlayerVideoList.m */ = {isa = PBXFileReference; fileEncoding = 4; lastKnownFileType = sourcecode.c.objc; path = WKPlayerVideoList.m; sourceTree = "<group>"; };
		48D335C21C4E3B0000FBE6DF /* WKPlayerVolume.h */ = {isa = PBXFileReference; fileEncoding = 4; lastKnownFileType = sourcecode.c.h; path = WKPlayerVolume.h; sourceTree = "<group>"; };
		48D335C31C4E3B0000FBE6DF /* WKPlayerVolume.m */ = {isa = PBXFileReference; fileEncoding = 4; lastKnownFileType = sourcecode.c.objc; path = WKPlayerVolume.m; sourceTree = "<group>"; };
		48D335C41C4E3B0000FBE6DF /* WKMPMoviePlayerController.h */ = {isa = PBXFileReference; fileEncoding = 4; lastKnownFileType = sourcecode.c.h; path = WKMPMoviePlayerController.h; sourceTree = "<group>"; };
		48D335C51C4E3B0000FBE6DF /* WKMPMoviePlayerController.m */ = {isa = PBXFileReference; fileEncoding = 4; lastKnownFileType = sourcecode.c.objc; path = WKMPMoviePlayerController.m; sourceTree = "<group>"; };
		48D335CB1C4E3C2400FBE6DF /* courseInfo_yd_goBack@2x.png */ = {isa = PBXFileReference; lastKnownFileType = image.png; path = "courseInfo_yd_goBack@2x.png"; sourceTree = "<group>"; };
		48D335CD1C4E3C6100FBE6DF /* courseInfo_volume.png */ = {isa = PBXFileReference; lastKnownFileType = image.png; path = courseInfo_volume.png; sourceTree = "<group>"; };
		48D335D31C4E3CC600FBE6DF /* courseInfo_quickGo.png */ = {isa = PBXFileReference; lastKnownFileType = image.png; path = courseInfo_quickGo.png; sourceTree = "<group>"; };
		48D335D51C4E3D3A00FBE6DF /* courseInfo_quickBack.png */ = {isa = PBXFileReference; lastKnownFileType = image.png; path = courseInfo_quickBack.png; sourceTree = "<group>"; };
		48D335D71C4E3D5E00FBE6DF /* courseInfo_light.png */ = {isa = PBXFileReference; lastKnownFileType = image.png; path = courseInfo_light.png; sourceTree = "<group>"; };
		48D335D91C4E3E9500FBE6DF /* courseInfo_backS@2x.png */ = {isa = PBXFileReference; lastKnownFileType = image.png; path = "courseInfo_backS@2x.png"; sourceTree = "<group>"; };
		48D335DA1C4E3E9500FBE6DF /* courseInfo_backS@3x.png */ = {isa = PBXFileReference; lastKnownFileType = image.png; path = "courseInfo_backS@3x.png"; sourceTree = "<group>"; };
		48D335DD1C4E3EF900FBE6DF /* courseInfo_yd_light@2x.png */ = {isa = PBXFileReference; lastKnownFileType = image.png; path = "courseInfo_yd_light@2x.png"; sourceTree = "<group>"; };
		48D335DF1C4E3F1A00FBE6DF /* courseInfo_yd_volume@2x.png */ = {isa = PBXFileReference; lastKnownFileType = image.png; path = "courseInfo_yd_volume@2x.png"; sourceTree = "<group>"; };
		48D335E11C4E3F5500FBE6DF /* player_exitScreen@2x.png */ = {isa = PBXFileReference; lastKnownFileType = image.png; path = "player_exitScreen@2x.png"; sourceTree = "<group>"; };
		48D335E21C4E3F5500FBE6DF /* player_exitScreen@3x.png */ = {isa = PBXFileReference; lastKnownFileType = image.png; path = "player_exitScreen@3x.png"; sourceTree = "<group>"; };
		48D335E51C4E401900FBE6DF /* player_progressBt@2x.png */ = {isa = PBXFileReference; lastKnownFileType = image.png; path = "player_progressBt@2x.png"; sourceTree = "<group>"; };
		48D335E61C4E401900FBE6DF /* player_progressBt@3x.png */ = {isa = PBXFileReference; lastKnownFileType = image.png; path = "player_progressBt@3x.png"; sourceTree = "<group>"; };
		48D335E91C4E409F00FBE6DF /* player_play@2x.png */ = {isa = PBXFileReference; lastKnownFileType = image.png; path = "player_play@2x.png"; sourceTree = "<group>"; };
		48D335EA1C4E409F00FBE6DF /* player_play@3x.png */ = {isa = PBXFileReference; lastKnownFileType = image.png; path = "player_play@3x.png"; sourceTree = "<group>"; };
		48D335ED1C4E40F300FBE6DF /* player_pause@2x.png */ = {isa = PBXFileReference; lastKnownFileType = image.png; path = "player_pause@2x.png"; sourceTree = "<group>"; };
		48D335EE1C4E40F300FBE6DF /* player_pause@3x.png */ = {isa = PBXFileReference; lastKnownFileType = image.png; path = "player_pause@3x.png"; sourceTree = "<group>"; };
		48D335F11C4E418D00FBE6DF /* player_screen@2x.png */ = {isa = PBXFileReference; lastKnownFileType = image.png; path = "player_screen@2x.png"; sourceTree = "<group>"; };
		48D335F21C4E418D00FBE6DF /* player_screen@3x.png */ = {isa = PBXFileReference; lastKnownFileType = image.png; path = "player_screen@3x.png"; sourceTree = "<group>"; };
		48D335F71C4F348F00FBE6DF /* Reachability.h */ = {isa = PBXFileReference; fileEncoding = 4; lastKnownFileType = sourcecode.c.h; path = Reachability.h; sourceTree = "<group>"; };
		48D335F81C4F348F00FBE6DF /* Reachability.m */ = {isa = PBXFileReference; fileEncoding = 4; lastKnownFileType = sourcecode.c.objc; path = Reachability.m; sourceTree = "<group>"; };
		48D335FA1C4F389300FBE6DF /* VideoModel.h */ = {isa = PBXFileReference; fileEncoding = 4; lastKnownFileType = sourcecode.c.h; path = VideoModel.h; sourceTree = "<group>"; };
		48D335FB1C4F389300FBE6DF /* VideoModel.m */ = {isa = PBXFileReference; fileEncoding = 4; lastKnownFileType = sourcecode.c.objc; path = VideoModel.m; sourceTree = "<group>"; };
		48D335FD1C4F797400FBE6DF /* VideoViewController.h */ = {isa = PBXFileReference; fileEncoding = 4; lastKnownFileType = sourcecode.c.h; name = VideoViewController.h; path = "播放器/VideoViewController.h"; sourceTree = "<group>"; };
		48D335FE1C4F797400FBE6DF /* VideoViewController.m */ = {isa = PBXFileReference; fileEncoding = 4; lastKnownFileType = sourcecode.c.objc; name = VideoViewController.m; path = "播放器/VideoViewController.m"; sourceTree = "<group>"; };
/* End PBXFileReference section */

/* Begin PBXFrameworksBuildPhase section */
		48D335891C4DD86400FBE6DF /* Frameworks */ = {
			isa = PBXFrameworksBuildPhase;
			buildActionMask = 2147483647;
			files = (
				198AA6D31CA8C8D9001FC537 /* minizip64.a in Frameworks */,
				198AA6D11CA8C8BD001FC537 /* iflyMSC.framework in Frameworks */,
				198AA6CF1CA54459001FC537 /* QuartzCore.framework in Frameworks */,
				198AA6CD1CA5443E001FC537 /* CoreMedia.framework in Frameworks */,
				198AA6CB1CA54421001FC537 /* AudioToolbox.framework in Frameworks */,
				198AA6C91CA543CB001FC537 /* AdSupport.framework in Frameworks */,
				198A9FE71CA4E1C7001FC537 /* StoreKit.framework in Frameworks */,
				198AA6C71CA543AF001FC537 /* AddressBook.framework in Frameworks */,
				198AA6C51CA543A1001FC537 /* EventKit.framework in Frameworks */,
				198AA6C31CA5438E001FC537 /* Social.framework in Frameworks */,
				198AA6BF1CA54367001FC537 /* CoreMotion.framework in Frameworks */,
				198AA8271CA8DBC4001FC537 /* libAdwoSDKRelease6.9.a in Frameworks */,
				198AA6BD1CA54356001FC537 /* MessageUI.framework in Frameworks */,
				4877639A1C72FA6900F113F2 /* SystemConfiguration.framework in Frameworks */,
				487763A41C72FAA200F113F2 /* MediaPlayer.framework in Frameworks */,
				487763A21C72FA9600F113F2 /* AVFoundation.framework in Frameworks */,
				487763A01C72FA8C00F113F2 /* libsqlite3.dylib in Frameworks */,
				4877639E1C72FA8000F113F2 /* libicucore.dylib in Frameworks */,
				4877639C1C72FA7500F113F2 /* libz.1.2.5.dylib in Frameworks */,
				487763981C72FA5F00F113F2 /* CoreTelephony.framework in Frameworks */,
				487763961C72FA5500F113F2 /* CFNetwork.framework in Frameworks */,
				487763941C72FA4800F113F2 /* MobileCoreServices.framework in Frameworks */,
				487763921C72FA3A00F113F2 /* CoreGraphics.framework in Frameworks */,
				487763901C72FA2B00F113F2 /* Security.framework in Frameworks */,
				4877638E1C72FA1800F113F2 /* CoreLocation.framework in Frameworks */,
				4877638C1C72F9A700F113F2 /* BmobSDK.framework in Frameworks */,
			);
			runOnlyForDeploymentPostprocessing = 0;
		};
		48D335A21C4DD86500FBE6DF /* Frameworks */ = {
			isa = PBXFrameworksBuildPhase;
			buildActionMask = 2147483647;
			files = (
			);
			runOnlyForDeploymentPostprocessing = 0;
		};
/* End PBXFrameworksBuildPhase section */

/* Begin PBXGroup section */
		198AA7CD1CA8CA35001FC537 /* res */ = {
			isa = PBXGroup;
			children = (
				198AA7CE1CA8CA36001FC537 /* adwo_alertBell.png */,
				198AA7CF1CA8CA36001FC537 /* adwo_alertLeft.png */,
				198AA7D01CA8CA36001FC537 /* adwo_alertRight.png */,
				198AA7D11CA8CA36001FC537 /* adwo_alertSingle.png */,
				198AA7D21CA8CA36001FC537 /* adwo_audio_icon.png */,
				198AA7D31CA8CA36001FC537 /* adwo_audioBar.png */,
				198AA7D41CA8CA36001FC537 /* adwo_audioCancel.png */,
				198AA7D51CA8CA36001FC537 /* adwo_audioPlay.png */,
				198AA7D61CA8CA36001FC537 /* adwo_audioRecord.png */,
				198AA7D71CA8CA36001FC537 /* adwo_audioShare.png */,
				198AA7D81CA8CA36001FC537 /* adwo_audioStop.png */,
				198AA7D91CA8CA36001FC537 /* adwo_cameraswitch.png */,
				198AA7DA1CA8CA36001FC537 /* adwo_downloadtoalbum.png */,
				198AA7DB1CA8CA36001FC537 /* adwo_progress.png */,
				198AA7DC1CA8CA36001FC537 /* adwo_recordMicrophone.png */,
				198AA7DD1CA8CA36001FC537 /* adwo_recordMicrophone5.png */,
				198AA7DE1CA8CA36001FC537 /* adwo_recordSlider.png */,
				198AA7DF1CA8CA36001FC537 /* adwo_share2sina.png */,
				198AA7E01CA8CA36001FC537 /* adwo_takephoto.png */,
				198AA7E11CA8CA36001FC537 /* adwo_uploadProgress.png */,
				198AA7E21CA8CA36001FC537 /* adwo_videoClose.png */,
				198AA7E31CA8CA36001FC537 /* adwo_videoCloseBig.png */,
				198AA7E41CA8CA36001FC537 /* adwo_videoCloseBtn.png */,
				198AA7E51CA8CA36001FC537 /* adwo_videoCloseBtnBig.png */,
				198AA7E61CA8CA36001FC537 /* adwo_videoDetail.png */,
				198AA7E71CA8CA36001FC537 /* adwo_videoDetailBig.png */,
				198AA7E81CA8CA36001FC537 /* adwo_videoLogo.png */,
				198AA7E91CA8CA36001FC537 /* adwo_videoLogoBig.png */,
				198AA7EA1CA8CA36001FC537 /* adwo_videoMaximize.png */,
				198AA7EB1CA8CA36001FC537 /* adwo_videoMaximizeBig.png */,
				198AA7EC1CA8CA36001FC537 /* adwo_videoMinimize.png */,
				198AA7ED1CA8CA36001FC537 /* adwo_videoMinimizeBig.png */,
				198AA7EE1CA8CA36001FC537 /* adwo_videoMute.png */,
				198AA7EF1CA8CA36001FC537 /* adwo_videoMuteBig.png */,
				198AA7F01CA8CA36001FC537 /* adwo_videoPlayerControl.html */,
				198AA7F11CA8CA36001FC537 /* adwo_videoReplay.png */,
				198AA7F21CA8CA36001FC537 /* adwo_videoReplayBig.png */,
				198AA7F31CA8CA36001FC537 /* adwo_videoSound.png */,
				198AA7F41CA8CA36001FC537 /* adwo_videoSoundBig.png */,
				198AA7F51CA8CA36001FC537 /* adwo_videoTimeRectangle.png */,
				198AA7F61CA8CA36001FC537 /* adwo_videoTimeRectangleBig.png */,
			);
			name = res;
			path = Erge/res;
			sourceTree = SOURCE_ROOT;
		};
		198AA8201CA8D6EE001FC537 /* sdk_lib */ = {
			isa = PBXGroup;
			children = (
				198AA82C1CA8F8A4001FC537 /* AdwoFSAdContainer.h */,
				198AA82B1CA8F8A4001FC537 /* AdwoFSAdContainer.m */,
				198AA8261CA8DBC4001FC537 /* libAdwoSDKRelease6.9.a */,
				198AA8251CA8DB94001FC537 /* AdwoAdSDK.h */,
				198AA8221CA8D6EE001FC537 /* AWUnity3DContainer.h */,
			);
			name = sdk_lib;
			path = Erge/sdk_lib;
			sourceTree = "<group>";
		};
		487763A51C73004700F113F2 /* Utils */ = {
			isa = PBXGroup;
			children = (
				487763A61C73004F00F113F2 /* DeviceInfo.h */,
				487763A71C73004F00F113F2 /* DeviceInfo.m */,
			);
			path = Utils;
			sourceTree = "<group>";
		};
		487763A91C7314CA00F113F2 /* Ads */ = {
			isa = PBXGroup;
			children = (
				198AA8201CA8D6EE001FC537 /* sdk_lib */,
				198AA7CD1CA8CA35001FC537 /* res */,
			);
			path = Ads;
			sourceTree = "<group>";
		};
		487D59671C5F339100F3A4FF /* Category */ = {
			isa = PBXGroup;
			children = (
				487763861C72EF6000F113F2 /* NSString+Remind.h */,
				487763871C72EF6000F113F2 /* NSString+Remind.m */,
				487D59681C5F33A200F3A4FF /* NSFileManager+Extension.h */,
				487D59691C5F33A200F3A4FF /* NSFileManager+Extension.m */,
			);
			name = Category;
			sourceTree = "<group>";
		};
		48D335831C4DD86400FBE6DF = {
			isa = PBXGroup;
			children = (
				198AA6D21CA8C8D9001FC537 /* minizip64.a */,
				198AA6D01CA8C8BD001FC537 /* iflyMSC.framework */,
				198AA6CE1CA54459001FC537 /* QuartzCore.framework */,
				198AA6CC1CA5443E001FC537 /* CoreMedia.framework */,
				198AA6CA1CA54421001FC537 /* AudioToolbox.framework */,
				198AA6C81CA543CB001FC537 /* AdSupport.framework */,
				198AA6C61CA543AF001FC537 /* AddressBook.framework */,
				198AA6C41CA543A1001FC537 /* EventKit.framework */,
				198AA6C21CA5438E001FC537 /* Social.framework */,
				198AA6BE1CA54367001FC537 /* CoreMotion.framework */,
				198AA6BC1CA54356001FC537 /* MessageUI.framework */,
				48D3358E1C4DD86400FBE6DF /* Erge */,
				48D335A81C4DD86500FBE6DF /* ErgeTests */,
				48D3358D1C4DD86400FBE6DF /* Products */,
			);
			sourceTree = "<group>";
		};
		48D3358D1C4DD86400FBE6DF /* Products */ = {
			isa = PBXGroup;
			children = (
				48D3358C1C4DD86400FBE6DF /* Erge.app */,
				48D335A51C4DD86500FBE6DF /* ErgeTests.xctest */,
			);
			name = Products;
			sourceTree = "<group>";
		};
		48D3358E1C4DD86400FBE6DF /* Erge */ = {
			isa = PBXGroup;
			children = (
				487763A91C7314CA00F113F2 /* Ads */,
				487763A51C73004700F113F2 /* Utils */,
				487D59671C5F339100F3A4FF /* Category */,
				48D335BD1C4E3AF200FBE6DF /* 播放器 */,
				4840913F1C8EAAC800A34A3B /* Constaint.h */,
				48D335931C4DD86400FBE6DF /* AppDelegate.h */,
				48D335941C4DD86400FBE6DF /* AppDelegate.m */,
				487D59641C5A16C400F3A4FF /* Config.h */,
				487D59651C5A16C400F3A4FF /* Config.m */,
				487763891C72F0CB00F113F2 /* Remind.xib */,
				487D59611C577C5600F3A4FF /* BaseViewController.h */,
				487D59621C577C5600F3A4FF /* BaseViewController.m */,
				48D335961C4DD86500FBE6DF /* ViewController.h */,
				48D335971C4DD86500FBE6DF /* ViewController.m */,
				487D595E1C5772CA00F3A4FF /* MineViewController.h */,
				487D595F1C5772CA00F3A4FF /* MineViewController.m */,
				48D335FD1C4F797400FBE6DF /* VideoViewController.h */,
				48D335FE1C4F797400FBE6DF /* VideoViewController.m */,
				487D596B1C60491000F3A4FF /* MyDownloadTableViewController.h */,
				487D596C1C60491000F3A4FF /* MyDownloadTableViewController.m */,
				487763831C72E86B00F113F2 /* FeedbackViewController.h */,
				487763841C72E86B00F113F2 /* FeedbackViewController.m */,
				487D596E1C6057BC00F3A4FF /* DownloadTableViewCell.h */,
				487D596F1C6057BC00F3A4FF /* DownloadTableViewCell.m */,
				487D59701C6057BC00F3A4FF /* DownloadTableViewCell.xib */,
				48D335B81C4E23CF00FBE6DF /* TableViewCell.h */,
				48D335B91C4E23CF00FBE6DF /* TableViewCell.m */,
				48D335BB1C4E2D0700FBE6DF /* TableViewCell.xib */,
				48D335991C4DD86500FBE6DF /* Main.storyboard */,
				48D3359C1C4DD86500FBE6DF /* Images.xcassets */,
				48D3359E1C4DD86500FBE6DF /* LaunchScreen.xib */,
				48D335F51C4F347600FBE6DF /* Framework */,
				48D3358F1C4DD86400FBE6DF /* Supporting Files */,
				48D335B61C4E150E00FBE6DF /* source.plist */,
				48D335FA1C4F389300FBE6DF /* VideoModel.h */,
				48D335FB1C4F389300FBE6DF /* VideoModel.m */,
			);
			path = Erge;
			sourceTree = "<group>";
		};
		48D3358F1C4DD86400FBE6DF /* Supporting Files */ = {
			isa = PBXGroup;
			children = (
				48D335901C4DD86400FBE6DF /* Info.plist */,
				48D335911C4DD86400FBE6DF /* main.m */,
			);
			name = "Supporting Files";
			sourceTree = "<group>";
		};
		48D335A81C4DD86500FBE6DF /* ErgeTests */ = {
			isa = PBXGroup;
			children = (
				48D335AB1C4DD86500FBE6DF /* ErgeTests.m */,
				48D335A91C4DD86500FBE6DF /* Supporting Files */,
			);
			path = ErgeTests;
			sourceTree = "<group>";
		};
		48D335A91C4DD86500FBE6DF /* Supporting Files */ = {
			isa = PBXGroup;
			children = (
				48D335AA1C4DD86500FBE6DF /* Info.plist */,
			);
			name = "Supporting Files";
			sourceTree = "<group>";
		};
		48D335BD1C4E3AF200FBE6DF /* 播放器 */ = {
			isa = PBXGroup;
			children = (
				487763AA1C7323D600F113F2 /* player_pauseS@2x.png */,
				487763AB1C7323D600F113F2 /* player_pauseS@3x.png */,
				487763AC1C7323D600F113F2 /* player_playS@2x.png */,
				487763AD1C7323D600F113F2 /* player_playS@3x.png */,
				48D335CB1C4E3C2400FBE6DF /* courseInfo_yd_goBack@2x.png */,
				48D335CD1C4E3C6100FBE6DF /* courseInfo_volume.png */,
				48D335D31C4E3CC600FBE6DF /* courseInfo_quickGo.png */,
				48D335D51C4E3D3A00FBE6DF /* courseInfo_quickBack.png */,
				48D335D71C4E3D5E00FBE6DF /* courseInfo_light.png */,
				48D335D91C4E3E9500FBE6DF /* courseInfo_backS@2x.png */,
				48D335DA1C4E3E9500FBE6DF /* courseInfo_backS@3x.png */,
				48D335DD1C4E3EF900FBE6DF /* courseInfo_yd_light@2x.png */,
				48D335DF1C4E3F1A00FBE6DF /* courseInfo_yd_volume@2x.png */,
				48D335E11C4E3F5500FBE6DF /* player_exitScreen@2x.png */,
				48D335E21C4E3F5500FBE6DF /* player_exitScreen@3x.png */,
				48D335E51C4E401900FBE6DF /* player_progressBt@2x.png */,
				48D335E61C4E401900FBE6DF /* player_progressBt@3x.png */,
				48D335E91C4E409F00FBE6DF /* player_play@2x.png */,
				48D335EA1C4E409F00FBE6DF /* player_play@3x.png */,
				48D335ED1C4E40F300FBE6DF /* player_pause@2x.png */,
				48D335EE1C4E40F300FBE6DF /* player_pause@3x.png */,
				48D335F11C4E418D00FBE6DF /* player_screen@2x.png */,
				48D335F21C4E418D00FBE6DF /* player_screen@3x.png */,
				48D335BE1C4E3B0000FBE6DF /* courseInfoYd.xib */,
				48D335BF1C4E3B0000FBE6DF /* playerControls.xib */,
				48D335C01C4E3B0000FBE6DF /* WKPlayerVideoList.h */,
				48D335C11C4E3B0000FBE6DF /* WKPlayerVideoList.m */,
				48D335C21C4E3B0000FBE6DF /* WKPlayerVolume.h */,
				48D335C31C4E3B0000FBE6DF /* WKPlayerVolume.m */,
				48D335C41C4E3B0000FBE6DF /* WKMPMoviePlayerController.h */,
				48D335C51C4E3B0000FBE6DF /* WKMPMoviePlayerController.m */,
			);
			path = "播放器";
			sourceTree = "<group>";
		};
		48D335F51C4F347600FBE6DF /* Framework */ = {
			isa = PBXGroup;
			children = (
				198A9FE61CA4E1C7001FC537 /* StoreKit.framework */,
				487763A31C72FAA200F113F2 /* MediaPlayer.framework */,
				487763A11C72FA9600F113F2 /* AVFoundation.framework */,
				4877639F1C72FA8C00F113F2 /* libsqlite3.dylib */,
				4877639D1C72FA8000F113F2 /* libicucore.dylib */,
				4877639B1C72FA7500F113F2 /* libz.1.2.5.dylib */,
				487763991C72FA6900F113F2 /* SystemConfiguration.framework */,
				487763971C72FA5F00F113F2 /* CoreTelephony.framework */,
				487763951C72FA5500F113F2 /* CFNetwork.framework */,
				487763931C72FA4800F113F2 /* MobileCoreServices.framework */,
				487763911C72FA3A00F113F2 /* CoreGraphics.framework */,
				4877638F1C72FA2B00F113F2 /* Security.framework */,
				4877638D1C72FA1800F113F2 /* CoreLocation.framework */,
				4877638B1C72F9A700F113F2 /* BmobSDK.framework */,
				48D335F61C4F348F00FBE6DF /* Reachability */,
			);
			path = Framework;
			sourceTree = "<group>";
		};
		48D335F61C4F348F00FBE6DF /* Reachability */ = {
			isa = PBXGroup;
			children = (
				48D335F71C4F348F00FBE6DF /* Reachability.h */,
				48D335F81C4F348F00FBE6DF /* Reachability.m */,
			);
			path = Reachability;
			sourceTree = "<group>";
		};
/* End PBXGroup section */

/* Begin PBXNativeTarget section */
		48D3358B1C4DD86400FBE6DF /* Erge */ = {
			isa = PBXNativeTarget;
			buildConfigurationList = 48D335AF1C4DD86500FBE6DF /* Build configuration list for PBXNativeTarget "Erge" */;
			buildPhases = (
				48D335881C4DD86400FBE6DF /* Sources */,
				48D335891C4DD86400FBE6DF /* Frameworks */,
				48D3358A1C4DD86400FBE6DF /* Resources */,
			);
			buildRules = (
			);
			dependencies = (
			);
			name = Erge;
			productName = Erge;
			productReference = 48D3358C1C4DD86400FBE6DF /* Erge.app */;
			productType = "com.apple.product-type.application";
		};
		48D335A41C4DD86500FBE6DF /* ErgeTests */ = {
			isa = PBXNativeTarget;
			buildConfigurationList = 48D335B21C4DD86500FBE6DF /* Build configuration list for PBXNativeTarget "ErgeTests" */;
			buildPhases = (
				48D335A11C4DD86500FBE6DF /* Sources */,
				48D335A21C4DD86500FBE6DF /* Frameworks */,
				48D335A31C4DD86500FBE6DF /* Resources */,
			);
			buildRules = (
			);
			dependencies = (
				48D335A71C4DD86500FBE6DF /* PBXTargetDependency */,
			);
			name = ErgeTests;
			productName = ErgeTests;
			productReference = 48D335A51C4DD86500FBE6DF /* ErgeTests.xctest */;
			productType = "com.apple.product-type.bundle.unit-test";
		};
/* End PBXNativeTarget section */

/* Begin PBXProject section */
		48D335841C4DD86400FBE6DF /* Project object */ = {
			isa = PBXProject;
			attributes = {
				LastUpgradeCheck = 0640;
				ORGANIZATIONNAME = com.lyn;
				TargetAttributes = {
					48D3358B1C4DD86400FBE6DF = {
						CreatedOnToolsVersion = 6.4;
						DevelopmentTeam = 5EA84RSZ3J;
						SystemCapabilities = {
							com.apple.InAppPurchase = {
								enabled = 1;
							};
							com.apple.Wallet = {
								enabled = 0;
							};
						};
					};
					48D335A41C4DD86500FBE6DF = {
						CreatedOnToolsVersion = 6.4;
						TestTargetID = 48D3358B1C4DD86400FBE6DF;
					};
				};
			};
			buildConfigurationList = 48D335871C4DD86400FBE6DF /* Build configuration list for PBXProject "Erge" */;
			compatibilityVersion = "Xcode 3.2";
			developmentRegion = English;
			hasScannedForEncodings = 0;
			knownRegions = (
				en,
				Base,
			);
			mainGroup = 48D335831C4DD86400FBE6DF;
			productRefGroup = 48D3358D1C4DD86400FBE6DF /* Products */;
			projectDirPath = "";
			projectRoot = "";
			targets = (
				48D3358B1C4DD86400FBE6DF /* Erge */,
				48D335A41C4DD86500FBE6DF /* ErgeTests */,
			);
		};
/* End PBXProject section */

/* Begin PBXResourcesBuildPhase section */
		48D3358A1C4DD86400FBE6DF /* Resources */ = {
			isa = PBXResourcesBuildPhase;
			buildActionMask = 2147483647;
			files = (
				4877638A1C72F0CB00F113F2 /* Remind.xib in Resources */,
				198AA81A1CA8CA36001FC537 /* adwo_videoReplay.png in Resources */,
				198AA8161CA8CA36001FC537 /* adwo_videoMinimizeBig.png in Resources */,
				198AA81E1CA8CA36001FC537 /* adwo_videoTimeRectangle.png in Resources */,
				48D335DC1C4E3E9500FBE6DF /* courseInfo_backS@3x.png in Resources */,
				48D335E01C4E3F1A00FBE6DF /* courseInfo_yd_volume@2x.png in Resources */,
				48D335F01C4E40F300FBE6DF /* player_pause@3x.png in Resources */,
				487763B11C7323D600F113F2 /* player_playS@3x.png in Resources */,
				48D335D61C4E3D3A00FBE6DF /* courseInfo_quickBack.png in Resources */,
				198AA80C1CA8CA36001FC537 /* adwo_videoCloseBig.png in Resources */,
				48D335E31C4E3F5500FBE6DF /* player_exitScreen@2x.png in Resources */,
				198AA8031CA8CA36001FC537 /* adwo_downloadtoalbum.png in Resources */,
				48D335F31C4E418D00FBE6DF /* player_screen@2x.png in Resources */,
				198AA81F1CA8CA36001FC537 /* adwo_videoTimeRectangleBig.png in Resources */,
				198AA8101CA8CA36001FC537 /* adwo_videoDetailBig.png in Resources */,
				48D3359B1C4DD86500FBE6DF /* Main.storyboard in Resources */,
				487763B01C7323D600F113F2 /* player_playS@2x.png in Resources */,
				198AA8051CA8CA36001FC537 /* adwo_recordMicrophone.png in Resources */,
				198AA8111CA8CA36001FC537 /* adwo_videoLogo.png in Resources */,
				48D335F41C4E418D00FBE6DF /* player_screen@3x.png in Resources */,
				48D335DB1C4E3E9500FBE6DF /* courseInfo_backS@2x.png in Resources */,
				48D335CE1C4E3C6100FBE6DF /* courseInfo_volume.png in Resources */,
				198AA8021CA8CA36001FC537 /* adwo_cameraswitch.png in Resources */,
				198AA81D1CA8CA36001FC537 /* adwo_videoSoundBig.png in Resources */,
				198AA7FB1CA8CA36001FC537 /* adwo_audio_icon.png in Resources */,
				198AA8121CA8CA36001FC537 /* adwo_videoLogoBig.png in Resources */,
				198AA8151CA8CA36001FC537 /* adwo_videoMinimize.png in Resources */,
				48D335C61C4E3B0000FBE6DF /* courseInfoYd.xib in Resources */,
				48D335D41C4E3CC600FBE6DF /* courseInfo_quickGo.png in Resources */,
				198AA8141CA8CA36001FC537 /* adwo_videoMaximizeBig.png in Resources */,
				198AA8091CA8CA36001FC537 /* adwo_takephoto.png in Resources */,
				198AA80D1CA8CA36001FC537 /* adwo_videoCloseBtn.png in Resources */,
				198AA8181CA8CA36001FC537 /* adwo_videoMuteBig.png in Resources */,
				48D335BC1C4E2D0700FBE6DF /* TableViewCell.xib in Resources */,
				198AA8041CA8CA36001FC537 /* adwo_progress.png in Resources */,
				198AA80B1CA8CA36001FC537 /* adwo_videoClose.png in Resources */,
				198AA7FC1CA8CA36001FC537 /* adwo_audioBar.png in Resources */,
				48D335A01C4DD86500FBE6DF /* LaunchScreen.xib in Resources */,
				198AA81B1CA8CA36001FC537 /* adwo_videoReplayBig.png in Resources */,
				487763AF1C7323D600F113F2 /* player_pauseS@3x.png in Resources */,
				48D335CC1C4E3C2400FBE6DF /* courseInfo_yd_goBack@2x.png in Resources */,
				198AA8001CA8CA36001FC537 /* adwo_audioShare.png in Resources */,
				48D335E71C4E401900FBE6DF /* player_progressBt@2x.png in Resources */,
				48D335E41C4E3F5500FBE6DF /* player_exitScreen@3x.png in Resources */,
				198AA8081CA8CA36001FC537 /* adwo_share2sina.png in Resources */,
				48D335EC1C4E409F00FBE6DF /* player_play@3x.png in Resources */,
				198AA8191CA8CA36001FC537 /* adwo_videoPlayerControl.html in Resources */,
				48D335C71C4E3B0000FBE6DF /* playerControls.xib in Resources */,
				48D335EF1C4E40F300FBE6DF /* player_pause@2x.png in Resources */,
				48D335DE1C4E3EF900FBE6DF /* courseInfo_yd_light@2x.png in Resources */,
				198AA80A1CA8CA36001FC537 /* adwo_uploadProgress.png in Resources */,
				198AA7FD1CA8CA36001FC537 /* adwo_audioCancel.png in Resources */,
				198AA8011CA8CA36001FC537 /* adwo_audioStop.png in Resources */,
				48D3359D1C4DD86500FBE6DF /* Images.xcassets in Resources */,
				198AA80E1CA8CA36001FC537 /* adwo_videoCloseBtnBig.png in Resources */,
				48D335E81C4E401900FBE6DF /* player_progressBt@3x.png in Resources */,
				198AA7FA1CA8CA36001FC537 /* adwo_alertSingle.png in Resources */,
				487D59721C6057BD00F3A4FF /* DownloadTableViewCell.xib in Resources */,
				198AA8071CA8CA36001FC537 /* adwo_recordSlider.png in Resources */,
				198AA7FF1CA8CA36001FC537 /* adwo_audioRecord.png in Resources */,
				487763AE1C7323D600F113F2 /* player_pauseS@2x.png in Resources */,
				198AA81C1CA8CA36001FC537 /* adwo_videoSound.png in Resources */,
				48D335B71C4E150E00FBE6DF /* source.plist in Resources */,
				198AA80F1CA8CA36001FC537 /* adwo_videoDetail.png in Resources */,
				48D335D81C4E3D5E00FBE6DF /* courseInfo_light.png in Resources */,
				198AA7F71CA8CA36001FC537 /* adwo_alertBell.png in Resources */,
				198AA8171CA8CA36001FC537 /* adwo_videoMute.png in Resources */,
				198AA7F81CA8CA36001FC537 /* adwo_alertLeft.png in Resources */,
				198AA7F91CA8CA36001FC537 /* adwo_alertRight.png in Resources */,
				48D335EB1C4E409F00FBE6DF /* player_play@2x.png in Resources */,
				198AA7FE1CA8CA36001FC537 /* adwo_audioPlay.png in Resources */,
				198AA8061CA8CA36001FC537 /* adwo_recordMicrophone5.png in Resources */,
				198AA8131CA8CA36001FC537 /* adwo_videoMaximize.png in Resources */,
			);
			runOnlyForDeploymentPostprocessing = 0;
		};
		48D335A31C4DD86500FBE6DF /* Resources */ = {
			isa = PBXResourcesBuildPhase;
			buildActionMask = 2147483647;
			files = (
			);
			runOnlyForDeploymentPostprocessing = 0;
		};
/* End PBXResourcesBuildPhase section */

/* Begin PBXSourcesBuildPhase section */
		48D335881C4DD86400FBE6DF /* Sources */ = {
			isa = PBXSourcesBuildPhase;
			buildActionMask = 2147483647;
			files = (
				487D596A1C5F33A200F3A4FF /* NSFileManager+Extension.m in Sources */,
				48D335FF1C4F797400FBE6DF /* VideoViewController.m in Sources */,
				487763881C72EF6000F113F2 /* NSString+Remind.m in Sources */,
				487D59661C5A16C400F3A4FF /* Config.m in Sources */,
				487D59631C577C5600F3A4FF /* BaseViewController.m in Sources */,
				48D335981C4DD86500FBE6DF /* ViewController.m in Sources */,
				48D335BA1C4E23CF00FBE6DF /* TableViewCell.m in Sources */,
				48D335F91C4F348F00FBE6DF /* Reachability.m in Sources */,
				48D335951C4DD86400FBE6DF /* AppDelegate.m in Sources */,
				487D59601C5772CA00F3A4FF /* MineViewController.m in Sources */,
				48D335921C4DD86400FBE6DF /* main.m in Sources */,
				48D335FC1C4F389300FBE6DF /* VideoModel.m in Sources */,
				48D335C91C4E3B0000FBE6DF /* WKPlayerVolume.m in Sources */,
				487763A81C73004F00F113F2 /* DeviceInfo.m in Sources */,
				48D335CA1C4E3B0000FBE6DF /* WKMPMoviePlayerController.m in Sources */,
				487D59711C6057BD00F3A4FF /* DownloadTableViewCell.m in Sources */,
				487D596D1C60491000F3A4FF /* MyDownloadTableViewController.m in Sources */,
				48D335C81C4E3B0000FBE6DF /* WKPlayerVideoList.m in Sources */,
				198AA82D1CA8F8A4001FC537 /* AdwoFSAdContainer.m in Sources */,
				487763851C72E86B00F113F2 /* FeedbackViewController.m in Sources */,
			);
			runOnlyForDeploymentPostprocessing = 0;
		};
		48D335A11C4DD86500FBE6DF /* Sources */ = {
			isa = PBXSourcesBuildPhase;
			buildActionMask = 2147483647;
			files = (
				48D335AC1C4DD86500FBE6DF /* ErgeTests.m in Sources */,
			);
			runOnlyForDeploymentPostprocessing = 0;
		};
/* End PBXSourcesBuildPhase section */

/* Begin PBXTargetDependency section */
		48D335A71C4DD86500FBE6DF /* PBXTargetDependency */ = {
			isa = PBXTargetDependency;
			target = 48D3358B1C4DD86400FBE6DF /* Erge */;
			targetProxy = 48D335A61C4DD86500FBE6DF /* PBXContainerItemProxy */;
		};
/* End PBXTargetDependency section */

/* Begin PBXVariantGroup section */
		48D335991C4DD86500FBE6DF /* Main.storyboard */ = {
			isa = PBXVariantGroup;
			children = (
				48D3359A1C4DD86500FBE6DF /* Base */,
			);
			name = Main.storyboard;
			sourceTree = "<group>";
		};
		48D3359E1C4DD86500FBE6DF /* LaunchScreen.xib */ = {
			isa = PBXVariantGroup;
			children = (
				48D3359F1C4DD86500FBE6DF /* Base */,
			);
			name = LaunchScreen.xib;
			sourceTree = "<group>";
		};
/* End PBXVariantGroup section */

/* Begin XCBuildConfiguration section */
		48D335AD1C4DD86500FBE6DF /* Debug */ = {
			isa = XCBuildConfiguration;
			buildSettings = {
				ALWAYS_SEARCH_USER_PATHS = NO;
				CLANG_CXX_LANGUAGE_STANDARD = "gnu++0x";
				CLANG_CXX_LIBRARY = "libc++";
				CLANG_ENABLE_MODULES = YES;
				CLANG_ENABLE_OBJC_ARC = YES;
				CLANG_WARN_BOOL_CONVERSION = YES;
				CLANG_WARN_CONSTANT_CONVERSION = YES;
				CLANG_WARN_DIRECT_OBJC_ISA_USAGE = YES_ERROR;
				CLANG_WARN_EMPTY_BODY = YES;
				CLANG_WARN_ENUM_CONVERSION = YES;
				CLANG_WARN_INT_CONVERSION = YES;
				CLANG_WARN_OBJC_ROOT_CLASS = YES_ERROR;
				CLANG_WARN_UNREACHABLE_CODE = YES;
				CLANG_WARN__DUPLICATE_METHOD_MATCH = YES;
				"CODE_SIGN_IDENTITY[sdk=iphoneos*]" = "iPhone Developer";
				COPY_PHASE_STRIP = NO;
				DEBUG_INFORMATION_FORMAT = "dwarf-with-dsym";
				ENABLE_STRICT_OBJC_MSGSEND = YES;
				GCC_C_LANGUAGE_STANDARD = gnu99;
				GCC_DYNAMIC_NO_PIC = NO;
				GCC_NO_COMMON_BLOCKS = YES;
				GCC_OPTIMIZATION_LEVEL = 0;
				GCC_PREPROCESSOR_DEFINITIONS = (
					"DEBUG=1",
					"$(inherited)",
				);
				GCC_SYMBOLS_PRIVATE_EXTERN = NO;
				GCC_WARN_64_TO_32_BIT_CONVERSION = YES;
				GCC_WARN_ABOUT_RETURN_TYPE = YES_ERROR;
				GCC_WARN_UNDECLARED_SELECTOR = YES;
				GCC_WARN_UNINITIALIZED_AUTOS = YES_AGGRESSIVE;
				GCC_WARN_UNUSED_FUNCTION = YES;
				GCC_WARN_UNUSED_VARIABLE = YES;
				IPHONEOS_DEPLOYMENT_TARGET = 8.4;
				MTL_ENABLE_DEBUG_INFO = YES;
				ONLY_ACTIVE_ARCH = YES;
				SDKROOT = iphoneos;
				TARGETED_DEVICE_FAMILY = "1,2";
			};
			name = Debug;
		};
		48D335AE1C4DD86500FBE6DF /* Release */ = {
			isa = XCBuildConfiguration;
			buildSettings = {
				ALWAYS_SEARCH_USER_PATHS = NO;
				CLANG_CXX_LANGUAGE_STANDARD = "gnu++0x";
				CLANG_CXX_LIBRARY = "libc++";
				CLANG_ENABLE_MODULES = YES;
				CLANG_ENABLE_OBJC_ARC = YES;
				CLANG_WARN_BOOL_CONVERSION = YES;
				CLANG_WARN_CONSTANT_CONVERSION = YES;
				CLANG_WARN_DIRECT_OBJC_ISA_USAGE = YES_ERROR;
				CLANG_WARN_EMPTY_BODY = YES;
				CLANG_WARN_ENUM_CONVERSION = YES;
				CLANG_WARN_INT_CONVERSION = YES;
				CLANG_WARN_OBJC_ROOT_CLASS = YES_ERROR;
				CLANG_WARN_UNREACHABLE_CODE = YES;
				CLANG_WARN__DUPLICATE_METHOD_MATCH = YES;
				"CODE_SIGN_IDENTITY[sdk=iphoneos*]" = "iPhone Developer";
				COPY_PHASE_STRIP = NO;
				DEBUG_INFORMATION_FORMAT = "dwarf-with-dsym";
				ENABLE_NS_ASSERTIONS = NO;
				ENABLE_STRICT_OBJC_MSGSEND = YES;
				GCC_C_LANGUAGE_STANDARD = gnu99;
				GCC_NO_COMMON_BLOCKS = YES;
				GCC_WARN_64_TO_32_BIT_CONVERSION = YES;
				GCC_WARN_ABOUT_RETURN_TYPE = YES_ERROR;
				GCC_WARN_UNDECLARED_SELECTOR = YES;
				GCC_WARN_UNINITIALIZED_AUTOS = YES_AGGRESSIVE;
				GCC_WARN_UNUSED_FUNCTION = YES;
				GCC_WARN_UNUSED_VARIABLE = YES;
				IPHONEOS_DEPLOYMENT_TARGET = 8.4;
				MTL_ENABLE_DEBUG_INFO = NO;
				SDKROOT = iphoneos;
				TARGETED_DEVICE_FAMILY = "1,2";
				VALIDATE_PRODUCT = YES;
			};
			name = Release;
		};
		48D335B01C4DD86500FBE6DF /* Debug */ = {
			isa = XCBuildConfiguration;
			buildSettings = {
				ASSETCATALOG_COMPILER_APPICON_NAME = AppIcon;
				ASSETCATALOG_COMPILER_LAUNCHIMAGE_NAME = LaunchImage;
				CODE_SIGN_IDENTITY = "iPhone Developer: yinuo lu (63D857G79G)";
				"CODE_SIGN_IDENTITY[sdk=iphoneos*]" = "iPhone Developer: yinuo lu (63D857G79G)";
				DEVELOPMENT_TEAM = 5EA84RSZ3J;
				ENABLE_BITCODE = NO;
				FRAMEWORK_SEARCH_PATHS = (
					"$(inherited)",
					"$(PROJECT_DIR)/Erge/Framework",
				);
				INFOPLIST_FILE = Erge/Info.plist;
				IPHONEOS_DEPLOYMENT_TARGET = 7.0;
				LD_RUNPATH_SEARCH_PATHS = "$(inherited) @executable_path/Frameworks";
				LIBRARY_SEARCH_PATHS = (
					"$(inherited)",
					"$(PROJECT_DIR)/Erge/sdk_lib",
				);
				OTHER_LDFLAGS = "";
				PRODUCT_NAME = "$(TARGET_NAME)";
				PROVISIONING_PROFILE = "0572507c-eafc-4e00-a3cd-cb0151a2f820";
				PROVISIONING_PROFILE_SPECIFIER = com.lyn.erge.dev;
				TARGETED_DEVICE_FAMILY = 1;
			};
			name = Debug;
		};
		48D335B11C4DD86500FBE6DF /* Release */ = {
			isa = XCBuildConfiguration;
			buildSettings = {
				ASSETCATALOG_COMPILER_APPICON_NAME = AppIcon;
				ASSETCATALOG_COMPILER_LAUNCHIMAGE_NAME = LaunchImage;
				CODE_SIGN_IDENTITY = "iPhone Distribution: yinuo lu (5EA84RSZ3J)";
				"CODE_SIGN_IDENTITY[sdk=iphoneos*]" = "iPhone Distribution: yinuo lu (5EA84RSZ3J)";
				ENABLE_BITCODE = NO;
				FRAMEWORK_SEARCH_PATHS = (
					"$(inherited)",
					"$(PROJECT_DIR)/Erge/Framework",
				);
				INFOPLIST_FILE = Erge/Info.plist;
				IPHONEOS_DEPLOYMENT_TARGET = 7.0;
				LD_RUNPATH_SEARCH_PATHS = "$(inherited) @executable_path/Frameworks";
				LIBRARY_SEARCH_PATHS = (
					"$(inherited)",
					"$(PROJECT_DIR)/Erge/sdk_lib",
				);
				OTHER_LDFLAGS = "";
				PRODUCT_NAME = "$(TARGET_NAME)";
				PROVISIONING_PROFILE = "dc182b41-a858-4ddf-a335-307bd62b6e92";
				PROVISIONING_PROFILE_SPECIFIER = com.lyn.erge.distribution;
				TARGETED_DEVICE_FAMILY = 1;
			};
			name = Release;
		};
		48D335B31C4DD86500FBE6DF /* Debug */ = {
			isa = XCBuildConfiguration;
			buildSettings = {
				BUNDLE_LOADER = "$(TEST_HOST)";
				FRAMEWORK_SEARCH_PATHS = (
					"$(SDKROOT)/Developer/Library/Frameworks",
					"$(inherited)",
				);
				GCC_PREPROCESSOR_DEFINITIONS = (
					"DEBUG=1",
					"$(inherited)",
				);
				INFOPLIST_FILE = ErgeTests/Info.plist;
				LD_RUNPATH_SEARCH_PATHS = "$(inherited) @executable_path/Frameworks @loader_path/Frameworks";
				PRODUCT_NAME = "$(TARGET_NAME)";
				TEST_HOST = "$(BUILT_PRODUCTS_DIR)/Erge.app/Erge";
			};
			name = Debug;
		};
		48D335B41C4DD86500FBE6DF /* Release */ = {
			isa = XCBuildConfiguration;
			buildSettings = {
				BUNDLE_LOADER = "$(TEST_HOST)";
				FRAMEWORK_SEARCH_PATHS = (
					"$(SDKROOT)/Developer/Library/Frameworks",
					"$(inherited)",
				);
				INFOPLIST_FILE = ErgeTests/Info.plist;
				LD_RUNPATH_SEARCH_PATHS = "$(inherited) @executable_path/Frameworks @loader_path/Frameworks";
				PRODUCT_NAME = "$(TARGET_NAME)";
				TEST_HOST = "$(BUILT_PRODUCTS_DIR)/Erge.app/Erge";
			};
			name = Release;
		};
/* End XCBuildConfiguration section */

/* Begin XCConfigurationList section */
		48D335871C4DD86400FBE6DF /* Build configuration list for PBXProject "Erge" */ = {
			isa = XCConfigurationList;
			buildConfigurations = (
				48D335AD1C4DD86500FBE6DF /* Debug */,
				48D335AE1C4DD86500FBE6DF /* Release */,
			);
			defaultConfigurationIsVisible = 0;
			defaultConfigurationName = Release;
		};
		48D335AF1C4DD86500FBE6DF /* Build configuration list for PBXNativeTarget "Erge" */ = {
			isa = XCConfigurationList;
			buildConfigurations = (
				48D335B01C4DD86500FBE6DF /* Debug */,
				48D335B11C4DD86500FBE6DF /* Release */,
			);
			defaultConfigurationIsVisible = 0;
			defaultConfigurationName = Release;
		};
		48D335B21C4DD86500FBE6DF /* Build configuration list for PBXNativeTarget "ErgeTests" */ = {
			isa = XCConfigurationList;
			buildConfigurations = (
				48D335B31C4DD86500FBE6DF /* Debug */,
				48D335B41C4DD86500FBE6DF /* Release */,
			);
			defaultConfigurationIsVisible = 0;
			defaultConfigurationName = Release;
		};
/* End XCConfigurationList section */
	};
	rootObject = 48D335841C4DD86400FBE6DF /* Project object */;
}
